<Project xmlns="http://schemas.microsoft.com/developer/msbuild/2003">
    <PropertyGroup>
        <ProjectGuid>{322E32A7-D481-40D6-885C-CFE7E0F5EA3E}</ProjectGuid>
        <ProjectVersion>19.5</ProjectVersion>
        <FrameworkType>None</FrameworkType>
        <Base>True</Base>
        <Config Condition="'$(Config)'==''">Release</Config>
        <Platform Condition="'$(Platform)'==''">Win64</Platform>
        <TargetedPlatforms>3</TargetedPlatforms>
        <AppType>Console</AppType>
        <MainSource>Project1.dpr</MainSource>
    </PropertyGroup>
    <PropertyGroup Condition="'$(Config)'=='Base' or '$(Base)'!=''">
        <Base>true</Base>
    </PropertyGroup>
    <PropertyGroup Condition="('$(Platform)'=='Android' and '$(Base)'=='true') or '$(Base_Android)'!=''">
        <Base_Android>true</Base_Android>
        <CfgParent>Base</CfgParent>
        <Base>true</Base>
    </PropertyGroup>
    <PropertyGroup Condition="('$(Platform)'=='Android64' and '$(Base)'=='true') or '$(Base_Android64)'!=''">
        <Base_Android64>true</Base_Android64>
        <CfgParent>Base</CfgParent>
        <Base>true</Base>
    </PropertyGroup>
    <PropertyGroup Condition="('$(Platform)'=='iOSDevice64' and '$(Base)'=='true') or '$(Base_iOSDevice64)'!=''">
        <Base_iOSDevice64>true</Base_iOSDevice64>
        <CfgParent>Base</CfgParent>
        <Base>true</Base>
    </PropertyGroup>
    <PropertyGroup Condition="('$(Platform)'=='iOSSimARM64' and '$(Base)'=='true') or '$(Base_iOSSimARM64)'!=''">
        <Base_iOSSimARM64>true</Base_iOSSimARM64>
        <CfgParent>Base</CfgParent>
        <Base>true</Base>
    </PropertyGroup>
    <PropertyGroup Condition="('$(Platform)'=='Linux64' and '$(Base)'=='true') or '$(Base_Linux64)'!=''">
        <Base_Linux64>true</Base_Linux64>
        <CfgParent>Base</CfgParent>
        <Base>true</Base>
    </PropertyGroup>
    <PropertyGroup Condition="('$(Platform)'=='OSX64' and '$(Base)'=='true') or '$(Base_OSX64)'!=''">
        <Base_OSX64>true</Base_OSX64>
        <CfgParent>Base</CfgParent>
        <Base>true</Base>
    </PropertyGroup>
    <PropertyGroup Condition="('$(Platform)'=='OSXARM64' and '$(Base)'=='true') or '$(Base_OSXARM64)'!=''">
        <Base_OSXARM64>true</Base_OSXARM64>
        <CfgParent>Base</CfgParent>
        <Base>true</Base>
    </PropertyGroup>
    <PropertyGroup Condition="('$(Platform)'=='Win32' and '$(Base)'=='true') or '$(Base_Win32)'!=''">
        <Base_Win32>true</Base_Win32>
        <CfgParent>Base</CfgParent>
        <Base>true</Base>
    </PropertyGroup>
    <PropertyGroup Condition="('$(Platform)'=='Win64' and '$(Base)'=='true') or '$(Base_Win64)'!=''">
        <Base_Win64>true</Base_Win64>
        <CfgParent>Base</CfgParent>
        <Base>true</Base>
    </PropertyGroup>
    <PropertyGroup Condition="'$(Config)'=='Debug' or '$(Cfg_1)'!=''">
        <Cfg_1>true</Cfg_1>
        <CfgParent>Base</CfgParent>
        <Base>true</Base>
    </PropertyGroup>
    <PropertyGroup Condition="('$(Platform)'=='Win32' and '$(Cfg_1)'=='true') or '$(Cfg_1_Win32)'!=''">
        <Cfg_1_Win32>true</Cfg_1_Win32>
        <CfgParent>Cfg_1</CfgParent>
        <Cfg_1>true</Cfg_1>
        <Base>true</Base>
    </PropertyGroup>
    <PropertyGroup Condition="'$(Config)'=='Release' or '$(Cfg_2)'!=''">
        <Cfg_2>true</Cfg_2>
        <CfgParent>Base</CfgParent>
        <Base>true</Base>
    </PropertyGroup>
    <PropertyGroup Condition="'$(Base)'!=''">
        <DCC_DcuOutput>.\$(Platform)\$(Config)</DCC_DcuOutput>
        <DCC_ExeOutput>.\$(Platform)\$(Config)</DCC_ExeOutput>
        <DCC_E>false</DCC_E>
        <DCC_N>false</DCC_N>
        <DCC_S>false</DCC_S>
        <DCC_F>false</DCC_F>
        <DCC_K>false</DCC_K>
        <DCC_Namespace>System;Xml;Data;Datasnap;Web;Soap;$(DCC_Namespace)</DCC_Namespace>
        <SanitizedProjectName>Project1</SanitizedProjectName>
    </PropertyGroup>
    <PropertyGroup Condition="'$(Base_Android)'!=''">
        <DCC_UsePackage>fmx;DbxCommonDriver;bindengine;IndyIPCommon;emsclient;IndyProtocols;dbxcds;FmxTeeUI;FireDACSqliteDriver;DbxClientDriver;soapmidas;dbexpress;inet;FireDACDBXDriver;CustomIPTransport;IndySystem;ibxbindings;FireDACCommon;bindcompdbx;rtl;DBXSqliteDriver;DataSnapFireDAC;FireDAC;xmlrtl;ibxpress;dsnap;DataSnapNativeClient;FireDACCommonDriver;IndyIPClient;bindcompfmx;ibmonitor;fmxFireDAC;DataSnapCommon;fmxase;dbrtl;DBXInterBaseDriver;bindcomp;IndyCore;RESTBackendComponents;RESTComponents;IndyIPServer;dsnapxml;DataSnapClient;DataSnapProviderClient;emsclientfiredac;FireDACDSDriver;tethering;CloudService;FMXTee;soaprtl;soapserver;FireDACIBDriver;$(DCC_UsePackage)</DCC_UsePackage>
        <Android_LauncherIcon36>$(BDS)\bin\Artwork\Android\FM_LauncherIcon_36x36.png</Android_LauncherIcon36>
        <Android_LauncherIcon48>$(BDS)\bin\Artwork\Android\FM_LauncherIcon_48x48.png</Android_LauncherIcon48>
        <Android_LauncherIcon72>$(BDS)\bin\Artwork\Android\FM_LauncherIcon_72x72.png</Android_LauncherIcon72>
        <Android_LauncherIcon96>$(BDS)\bin\Artwork\Android\FM_LauncherIcon_96x96.png</Android_LauncherIcon96>
        <Android_LauncherIcon144>$(BDS)\bin\Artwork\Android\FM_LauncherIcon_144x144.png</Android_LauncherIcon144>
        <Android_LauncherIcon192>$(BDS)\bin\Artwork\Android\FM_LauncherIcon_192x192.png</Android_LauncherIcon192>
        <Android_SplashImage426>$(BDS)\bin\Artwork\Android\FM_SplashImage_426x320.png</Android_SplashImage426>
        <Android_SplashImage470>$(BDS)\bin\Artwork\Android\FM_SplashImage_470x320.png</Android_SplashImage470>
        <Android_SplashImage640>$(BDS)\bin\Artwork\Android\FM_SplashImage_640x480.png</Android_SplashImage640>
        <Android_SplashImage960>$(BDS)\bin\Artwork\Android\FM_SplashImage_960x720.png</Android_SplashImage960>
        <Android_NotificationIcon24>$(BDS)\bin\Artwork\Android\FM_NotificationIcon_24x24.png</Android_NotificationIcon24>
        <Android_NotificationIcon36>$(BDS)\bin\Artwork\Android\FM_NotificationIcon_36x36.png</Android_NotificationIcon36>
        <Android_NotificationIcon48>$(BDS)\bin\Artwork\Android\FM_NotificationIcon_48x48.png</Android_NotificationIcon48>
        <Android_NotificationIcon72>$(BDS)\bin\Artwork\Android\FM_NotificationIcon_72x72.png</Android_NotificationIcon72>
        <Android_NotificationIcon96>$(BDS)\bin\Artwork\Android\FM_NotificationIcon_96x96.png</Android_NotificationIcon96>
        <EnabledSysJars>activity-1.1.0.dex.jar;annotation-1.2.0.dex.jar;appcompat-1.2.0.dex.jar;appcompat-resources-1.2.0.dex.jar;asynclayoutinflater-1.0.0.dex.jar;billing-4.0.0.dex.jar;biometric-1.1.0.dex.jar;browser-1.0.0.dex.jar;cloud-messaging.dex.jar;collection-1.1.0.dex.jar;coordinatorlayout-1.0.0.dex.jar;core-1.5.0-rc02.dex.jar;core-common-2.1.0.dex.jar;core-runtime-2.1.0.dex.jar;cursoradapter-1.0.0.dex.jar;customview-1.0.0.dex.jar;documentfile-1.0.0.dex.jar;drawerlayout-1.0.0.dex.jar;firebase-annotations-16.0.0.dex.jar;firebase-common-20.0.0.dex.jar;firebase-components-17.0.0.dex.jar;firebase-datatransport-18.0.0.dex.jar;firebase-encoders-17.0.0.dex.jar;firebase-encoders-json-18.0.0.dex.jar;firebase-iid-interop-17.1.0.dex.jar;firebase-installations-17.0.0.dex.jar;firebase-installations-interop-17.0.0.dex.jar;firebase-measurement-connector-19.0.0.dex.jar;firebase-messaging-22.0.0.dex.jar;fmx.dex.jar;fragment-1.2.5.dex.jar;google-play-licensing.dex.jar;interpolator-1.0.0.dex.jar;javax.inject-1.dex.jar;legacy-support-core-ui-1.0.0.dex.jar;legacy-support-core-utils-1.0.0.dex.jar;lifecycle-common-2.2.0.dex.jar;lifecycle-livedata-2.0.0.dex.jar;lifecycle-livedata-core-2.2.0.dex.jar;lifecycle-runtime-2.2.0.dex.jar;lifecycle-service-2.0.0.dex.jar;lifecycle-viewmodel-2.2.0.dex.jar;lifecycle-viewmodel-savedstate-2.2.0.dex.jar;listenablefuture-1.0.dex.jar;loader-1.0.0.dex.jar;localbroadcastmanager-1.0.0.dex.jar;play-services-ads-20.1.0.dex.jar;play-services-ads-base-20.1.0.dex.jar;play-services-ads-identifier-17.0.0.dex.jar;play-services-ads-lite-20.1.0.dex.jar;play-services-base-17.5.0.dex.jar;play-services-basement-17.6.0.dex.jar;play-services-cloud-messaging-16.0.0.dex.jar;play-services-drive-17.0.0.dex.jar;play-services-games-21.0.0.dex.jar;play-services-location-18.0.0.dex.jar;play-services-maps-17.0.1.dex.jar;play-services-measurement-base-18.0.0.dex.jar;play-services-measurement-sdk-api-18.0.0.dex.jar;play-services-places-placereport-17.0.0.dex.jar;play-services-stats-17.0.0.dex.jar;play-services-tasks-17.2.0.dex.jar;print-1.0.0.dex.jar;room-common-2.1.0.dex.jar;room-runtime-2.1.0.dex.jar;savedstate-1.0.0.dex.jar;slidingpanelayout-1.0.0.dex.jar;sqlite-2.0.1.dex.jar;sqlite-framework-2.0.1.dex.jar;swiperefreshlayout-1.0.0.dex.jar;transport-api-3.0.0.dex.jar;transport-backend-cct-3.0.0.dex.jar;transport-runtime-3.0.0.dex.jar;user-messaging-platform-1.0.0.dex.jar;vectordrawable-1.1.0.dex.jar;vectordrawable-animated-1.1.0.dex.jar;versionedparcelable-1.1.1.dex.jar;viewpager-1.0.0.dex.jar;work-runtime-2.1.0.dex.jar</EnabledSysJars>
    </PropertyGroup>
    <PropertyGroup Condition="'$(Base_Android64)'!=''">
        <DCC_UsePackage>fmx;DbxCommonDriver;bindengine;IndyIPCommon;emsclient;IndyProtocols;dbxcds;FmxTeeUI;FireDACSqliteDriver;DbxClientDriver;soapmidas;dbexpress;inet;FireDACDBXDriver;CustomIPTransport;IndySystem;ibxbindings;FireDACCommon;bindcompdbx;rtl;DBXSqliteDriver;DataSnapFireDAC;FireDAC;xmlrtl;ibxpress;dsnap;DataSnapNativeClient;FireDACCommonDriver;IndyIPClient;bindcompfmx;ibmonitor;fmxFireDAC;DataSnapCommon;dbrtl;DBXInterBaseDriver;bindcomp;IndyCore;RESTBackendComponents;RESTComponents;IndyIPServer;dsnapxml;DataSnapClient;DataSnapProviderClient;emsclientfiredac;FireDACDSDriver;tethering;CloudService;FMXTee;soaprtl;soapserver;FireDACIBDriver;$(DCC_UsePackage)</DCC_UsePackage>
        <Android_LauncherIcon36>$(BDS)\bin\Artwork\Android\FM_LauncherIcon_36x36.png</Android_LauncherIcon36>
        <Android_LauncherIcon48>$(BDS)\bin\Artwork\Android\FM_LauncherIcon_48x48.png</Android_LauncherIcon48>
        <Android_LauncherIcon72>$(BDS)\bin\Artwork\Android\FM_LauncherIcon_72x72.png</Android_LauncherIcon72>
        <Android_LauncherIcon96>$(BDS)\bin\Artwork\Android\FM_LauncherIcon_96x96.png</Android_LauncherIcon96>
        <Android_LauncherIcon144>$(BDS)\bin\Artwork\Android\FM_LauncherIcon_144x144.png</Android_LauncherIcon144>
        <Android_LauncherIcon192>$(BDS)\bin\Artwork\Android\FM_LauncherIcon_192x192.png</Android_LauncherIcon192>
        <Android_SplashImage426>$(BDS)\bin\Artwork\Android\FM_SplashImage_426x320.png</Android_SplashImage426>
        <Android_SplashImage470>$(BDS)\bin\Artwork\Android\FM_SplashImage_470x320.png</Android_SplashImage470>
        <Android_SplashImage640>$(BDS)\bin\Artwork\Android\FM_SplashImage_640x480.png</Android_SplashImage640>
        <Android_SplashImage960>$(BDS)\bin\Artwork\Android\FM_SplashImage_960x720.png</Android_SplashImage960>
        <Android_NotificationIcon24>$(BDS)\bin\Artwork\Android\FM_NotificationIcon_24x24.png</Android_NotificationIcon24>
        <Android_NotificationIcon36>$(BDS)\bin\Artwork\Android\FM_NotificationIcon_36x36.png</Android_NotificationIcon36>
        <Android_NotificationIcon48>$(BDS)\bin\Artwork\Android\FM_NotificationIcon_48x48.png</Android_NotificationIcon48>
        <Android_NotificationIcon72>$(BDS)\bin\Artwork\Android\FM_NotificationIcon_72x72.png</Android_NotificationIcon72>
        <Android_NotificationIcon96>$(BDS)\bin\Artwork\Android\FM_NotificationIcon_96x96.png</Android_NotificationIcon96>
        <EnabledSysJars>activity-1.1.0.dex.jar;annotation-1.2.0.dex.jar;appcompat-1.2.0.dex.jar;appcompat-resources-1.2.0.dex.jar;asynclayoutinflater-1.0.0.dex.jar;billing-4.0.0.dex.jar;biometric-1.1.0.dex.jar;browser-1.0.0.dex.jar;cloud-messaging.dex.jar;collection-1.1.0.dex.jar;coordinatorlayout-1.0.0.dex.jar;core-1.5.0-rc02.dex.jar;core-common-2.1.0.dex.jar;core-runtime-2.1.0.dex.jar;cursoradapter-1.0.0.dex.jar;customview-1.0.0.dex.jar;documentfile-1.0.0.dex.jar;drawerlayout-1.0.0.dex.jar;firebase-annotations-16.0.0.dex.jar;firebase-common-20.0.0.dex.jar;firebase-components-17.0.0.dex.jar;firebase-datatransport-18.0.0.dex.jar;firebase-encoders-17.0.0.dex.jar;firebase-encoders-json-18.0.0.dex.jar;firebase-iid-interop-17.1.0.dex.jar;firebase-installations-17.0.0.dex.jar;firebase-installations-interop-17.0.0.dex.jar;firebase-measurement-connector-19.0.0.dex.jar;firebase-messaging-22.0.0.dex.jar;fmx.dex.jar;fragment-1.2.5.dex.jar;google-play-licensing.dex.jar;interpolator-1.0.0.dex.jar;javax.inject-1.dex.jar;legacy-support-core-ui-1.0.0.dex.jar;legacy-support-core-utils-1.0.0.dex.jar;lifecycle-common-2.2.0.dex.jar;lifecycle-livedata-2.0.0.dex.jar;lifecycle-livedata-core-2.2.0.dex.jar;lifecycle-runtime-2.2.0.dex.jar;lifecycle-service-2.0.0.dex.jar;lifecycle-viewmodel-2.2.0.dex.jar;lifecycle-viewmodel-savedstate-2.2.0.dex.jar;listenablefuture-1.0.dex.jar;loader-1.0.0.dex.jar;localbroadcastmanager-1.0.0.dex.jar;play-services-ads-20.1.0.dex.jar;play-services-ads-base-20.1.0.dex.jar;play-services-ads-identifier-17.0.0.dex.jar;play-services-ads-lite-20.1.0.dex.jar;play-services-base-17.5.0.dex.jar;play-services-basement-17.6.0.dex.jar;play-services-cloud-messaging-16.0.0.dex.jar;play-services-drive-17.0.0.dex.jar;play-services-games-21.0.0.dex.jar;play-services-location-18.0.0.dex.jar;play-services-maps-17.0.1.dex.jar;play-services-measurement-base-18.0.0.dex.jar;play-services-measurement-sdk-api-18.0.0.dex.jar;play-services-places-placereport-17.0.0.dex.jar;play-services-stats-17.0.0.dex.jar;play-services-tasks-17.2.0.dex.jar;print-1.0.0.dex.jar;room-common-2.1.0.dex.jar;room-runtime-2.1.0.dex.jar;savedstate-1.0.0.dex.jar;slidingpanelayout-1.0.0.dex.jar;sqlite-2.0.1.dex.jar;sqlite-framework-2.0.1.dex.jar;swiperefreshlayout-1.0.0.dex.jar;transport-api-3.0.0.dex.jar;transport-backend-cct-3.0.0.dex.jar;transport-runtime-3.0.0.dex.jar;user-messaging-platform-1.0.0.dex.jar;vectordrawable-1.1.0.dex.jar;vectordrawable-animated-1.1.0.dex.jar;versionedparcelable-1.1.1.dex.jar;viewpager-1.0.0.dex.jar;work-runtime-2.1.0.dex.jar</EnabledSysJars>
    </PropertyGroup>
    <PropertyGroup Condition="'$(Base_iOSDevice64)'!=''">
        <DCC_UsePackage>fmx;DbxCommonDriver;bindengine;IndyIPCommon;emsclient;IndyProtocols;dbxcds;FmxTeeUI;FireDACSqliteDriver;DbxClientDriver;soapmidas;dbexpress;inet;FireDACDBXDriver;CustomIPTransport;IndySystem;ibxbindings;FireDACCommon;bindcompdbx;rtl;DBXSqliteDriver;DataSnapFireDAC;FireDAC;xmlrtl;ibxpress;dsnap;DataSnapNativeClient;FireDACCommonDriver;IndyIPClient;bindcompfmx;ibmonitor;fmxFireDAC;DataSnapCommon;fmxase;dbrtl;DBXInterBaseDriver;bindcomp;IndyCore;RESTBackendComponents;RESTComponents;IndyIPServer;dsnapxml;DataSnapClient;DataSnapProviderClient;emsclientfiredac;FireDACDSDriver;tethering;CloudService;FMXTee;soaprtl;soapserver;FireDACIBDriver;$(DCC_UsePackage)</DCC_UsePackage>
    </PropertyGroup>
    <PropertyGroup Condition="'$(Base_iOSSimARM64)'!=''">
        <DCC_UsePackage>fmx;DbxCommonDriver;bindengine;IndyIPCommon;emsclient;IndyProtocols;dbxcds;FmxTeeUI;FireDACSqliteDriver;DbxClientDriver;soapmidas;dbexpress;inet;FireDACDBXDriver;CustomIPTransport;IndySystem;ibxbindings;FireDACCommon;bindcompdbx;rtl;DBXSqliteDriver;DataSnapFireDAC;FireDAC;xmlrtl;ibxpress;dsnap;DataSnapNativeClient;FireDACCommonDriver;IndyIPClient;bindcompfmx;ibmonitor;fmxFireDAC;DataSnapCommon;fmxase;dbrtl;DBXInterBaseDriver;bindcomp;IndyCore;RESTBackendComponents;RESTComponents;IndyIPServer;dsnapxml;DataSnapClient;DataSnapProviderClient;emsclientfiredac;FireDACDSDriver;tethering;CloudService;FMXTee;soaprtl;soapserver;FireDACIBDriver;$(DCC_UsePackage)</DCC_UsePackage>
    </PropertyGroup>
    <PropertyGroup Condition="'$(Base_Linux64)'!=''">
        <DCC_UsePackage>DataSnapServer;fmx;DbxCommonDriver;bindengine;FireDACCommonODBC;emsclient;IndyProtocols;dbxcds;FireDACSqliteDriver;DbxClientDriver;soapmidas;dbexpress;inet;CustomIPTransport;FireDACMSSQLDriver;IndySystem;FireDACCommon;DataSnapServerMidas;FireDACODBCDriver;emsserverresource;rtl;FireDACMySQLDriver;DataSnapFireDAC;FireDAC;xmlrtl;dsnap;FireDACDb2Driver;DataSnapNativeClient;DatasnapConnectorsFreePascal;emshosting;FireDACCommonDriver;emsedge;inetdb;FireDACASADriver;FireDACInfxDriver;DataSnapCommon;dbrtl;FireDACOracleDriver;DataSnapIndy10ServerTransport;DataSnapConnectors;FireDACMongoDBDriver;FireDACTDataDriver;bindcomp;IndyCore;RESTBackendComponents;FireDACADSDriver;RESTComponents;dsnapxml;DataSnapClient;emsclientfiredac;FireDACPgDriver;CloudService;soaprtl;soapserver;FireDACIBDriver;$(DCC_UsePackage)</DCC_UsePackage>
    </PropertyGroup>
    <PropertyGroup Condition="'$(Base_OSX64)'!=''">
        <DCC_UsePackage>DataSnapServer;fmx;DbxCommonDriver;bindengine;IndyIPCommon;FireDACCommonODBC;emsclient;IndyProtocols;dbxcds;FmxTeeUI;DBXFirebirdDriver;FireDACSqliteDriver;DbxClientDriver;soapmidas;dbexpress;inet;FireDACDBXDriver;fmxdae;CustomIPTransport;FireDACMSSQLDriver;IndySystem;ibxbindings;FireDACCommon;DataSnapServerMidas;FireDACODBCDriver;bindcompdbx;rtl;FireDACMySQLDriver;DBXSqliteDriver;DataSnapFireDAC;inetdbxpress;FireDAC;xmlrtl;ibxpress;dsnap;DBXOracleDriver;DBXInformixDriver;fmxobj;DataSnapNativeClient;FireDACCommonDriver;IndyIPClient;bindcompfmx;inetdb;ibmonitor;FireDACASADriver;fmxFireDAC;DBXMySQLDriver;DataSnapCommon;fmxase;dbrtl;FireDACOracleDriver;DataSnapIndy10ServerTransport;DBXInterBaseDriver;FireDACMongoDBDriver;FireDACTDataDriver;bindcomp;IndyCore;RESTBackendComponents;RESTComponents;IndyIPServer;dsnapxml;DataSnapClient;DataSnapProviderClient;emsclientfiredac;FireDACPgDriver;FireDACDSDriver;tethering;CloudService;DBXSybaseASADriver;FMXTee;soaprtl;soapserver;FireDACIBDriver;$(DCC_UsePackage)</DCC_UsePackage>
        <DCC_ConsoleTarget>true</DCC_ConsoleTarget>
    </PropertyGroup>
    <PropertyGroup Condition="'$(Base_OSXARM64)'!=''">
        <DCC_UsePackage>DataSnapServer;fmx;DbxCommonDriver;bindengine;IndyIPCommon;FireDACCommonODBC;emsclient;IndyProtocols;dbxcds;FmxTeeUI;DBXFirebirdDriver;FireDACSqliteDriver;DbxClientDriver;soapmidas;dbexpress;inet;FireDACDBXDriver;fmxdae;CustomIPTransport;FireDACMSSQLDriver;IndySystem;ibxbindings;FireDACCommon;DataSnapServerMidas;FireDACODBCDriver;bindcompdbx;rtl;FireDACMySQLDriver;DBXSqliteDriver;DataSnapFireDAC;inetdbxpress;FireDAC;xmlrtl;ibxpress;dsnap;DBXOracleDriver;DBXInformixDriver;fmxobj;DataSnapNativeClient;FireDACCommonDriver;IndyIPClient;bindcompfmx;inetdb;ibmonitor;FireDACASADriver;fmxFireDAC;DBXMySQLDriver;DataSnapCommon;fmxase;dbrtl;FireDACOracleDriver;DataSnapIndy10ServerTransport;DBXInterBaseDriver;FireDACMongoDBDriver;FireDACTDataDriver;bindcomp;IndyCore;RESTBackendComponents;RESTComponents;IndyIPServer;dsnapxml;DataSnapClient;DataSnapProviderClient;emsclientfiredac;FireDACPgDriver;FireDACDSDriver;tethering;CloudService;DBXSybaseASADriver;FMXTee;soaprtl;soapserver;FireDACIBDriver;$(DCC_UsePackage)</DCC_UsePackage>
        <DCC_ConsoleTarget>true</DCC_ConsoleTarget>
    </PropertyGroup>
    <PropertyGroup Condition="'$(Base_Win32)'!=''">
        <DCC_UsePackage>dxPSdxSpreadSheetLnkRS28;vclwinx;DataSnapServer;fmx;vclie;DbxCommonDriver;bindengine;IndyIPCommon;VCLRESTComponents;DBXMSSQLDriver;FireDACCommonODBC;emsclient;cxExportRS28;dxHttpIndyRequestRS28;appanalytics;IndyProtocols;vclx;dxTileControlRS28;dxPSdxDBOCLnkRS28;dbxcds;vcledge;dxPSPrVwRibbonRS28;cxPivotGridOLAPRS28;FmxTeeUI;dxGDIPlusRS28;DBXFirebirdDriver;dxCoreRS28;cxPivotGridRS28;dxPSCoreRS28;FireDACSqliteDriver;DbxClientDriver;dxSpreadSheetRS28;dxSkinsCoreRS28;soapmidas;dxBarRS28;TeeUI;dxADOServerModeRS28;dxWizardControlRS28;dbexpress;inet;dxServerModeRS28;vcltouch;cxTreeListRS28;dxBarDBNavRS28;FireDACDBXDriver;fmxdae;dxPScxCommonRS28;dxNavBarRS28;CustomIPTransport;FireDACMSSQLDriver;dxSpreadSheetReportDesignerRS28;dxFireDACEMFRS28;dxComnRS28;dxFlowChartDesignerRS28;IndySystem;cxVerticalGridRS28;ibxbindings;dxmdsRS28;dxRichEditControlRS28;cxSchedulerGridRS28;dxPSdxOCLnkRS28;dxPScxSchedulerLnkRS28;dxPsPrVwAdvRS28;vclFireDAC;FireDACCommon;DataSnapServerMidas;FireDACODBCDriver;emsserverresource;dxADOEMFRS28;dxRibbonCustomizationFormRS28;dxPSdxDBTVLnkRS28;bindcompdbx;dxGaugeControlRS28;rtl;FireDACMySQLDriver;dxDockingRS28;dxPDFViewerRS28;DBXSqliteDriver;dxBarExtItemsRS28;dxPSdxFCLnkRS28;dxorgcRS28;DBXSybaseASEDriver;dxSpreadSheetCoreConditionalFormattingDialogsRS28;dxPSRichEditControlLnkRS28;vclimg;DataSnapFireDAC;inetdbxpress;FireDAC;xmlrtl;ibxpress;dsnap;FireDACDb2Driver;cxSchedulerRibbonStyleEventEditorRS28;DBXOracleDriver;dxPScxTLLnkRS28;DBXInformixDriver;vclib;fmxobj;bindcompvclsmp;DataSnapNativeClient;dxFlowChartRS28;dxPScxPCProdRS28;DatasnapConnectorsFreePascal;emshosting;dxRichEditDocumentModelRS28;dxPSdxMapControlLnkRS28;cxGridEMFRS28;dxGanttControlRS28;dxPScxVGridLnkRS28;dxPScxPivotGridLnkRS28;FireDACCommonDriver;IndyIPClient;dxCloudServiceLibraryRS28;cxLibraryRS28;bindcompvclwinx;emsedge;bindcompfmx;dxPSdxPDFViewerLnkRS28;inetdb;dxSpreadSheetCoreRS28;cxSchedulerTreeBrowserRS28;ibmonitor;FireDACASADriver;dxTabbedMDIRS28;Tee;vclactnband;fmxFireDAC;dxFireDACServerModeRS28;FireDACInfxDriver;DBXMySQLDriver;VclSmp;dxPSdxLCLnkRS28;DataSnapCommon;fmxase;dxdbtrRS28;DBXOdbcDriver;dbrtl;FireDACOracleDriver;dxPSLnksRS28;TeeDB;FireDACMSAccDriver;DataSnapIndy10ServerTransport;DataSnapConnectors;dxChartControlRS28;vcldsnap;DBXInterBaseDriver;FireDACMongoDBDriver;dxSpreadSheetConditionalFormattingDialogsRS28;FireDACTDataDriver;dxOrgChartAdvancedCustomizeFormRS28;vcldb;dxDBXServerModeRS28;cxSchedulerRS28;dxRibbonRS28;dxFlowChartLayoutsRS28;dxPScxExtCommonRS28;dxdborRS28;dxRichEditControlCoreRS28;bindcomp;dxPScxGridLnkRS28;IndyCore;RESTBackendComponents;cxPivotGridChartRS28;dxBarExtDBItemsRS28;dxRichEditCoreRS28;cxTreeListdxBarPopupMenuRS28;dxFlowChartAdvancedCustomizeFormRS28;FireDACADSDriver;RESTComponents;IndyIPServer;vcl;dsnapxml;adortl;dsnapcon;DataSnapClient;DataSnapProviderClient;cxSchedulerWebServiceStorageRS28;dxtrmdRS28;DBXDb2Driver;dxPSdxGaugeControlLnkRS28;dxSpellCheckerRS28;cxGridRS28;emsclientfiredac;FireDACPgDriver;FireDACDSDriver;tethering;dxMapControlRS28;bindcompvcl;dxEMFRS28;CloudService;DBXSybaseASADriver;FMXTee;soaprtl;soapserver;FireDACIBDriver;$(DCC_UsePackage)</DCC_UsePackage>
        <DCC_Namespace>Winapi;System.Win;Data.Win;Datasnap.Win;Web.Win;Soap.Win;Xml.Win;Bde;$(DCC_Namespace)</DCC_Namespace>
        <BT_BuildType>Debug</BT_BuildType>
        <VerInfo_Keys>CompanyName=;FileDescription=$(MSBuildProjectName);FileVersion=1.0.0.0;InternalName=;LegalCopyright=;LegalTrademarks=;OriginalFilename=;ProgramID=com.embarcadero.$(MSBuildProjectName);ProductName=$(MSBuildProjectName);ProductVersion=1.0.0.0;Comments=</VerInfo_Keys>
        <VerInfo_Locale>1033</VerInfo_Locale>
        <DCC_ConsoleTarget>true</DCC_ConsoleTarget>
        <UWP_DelphiLogo44>$(BDS)\bin\Artwork\Windows\UWP\delphi_UwpDefault_44.png</UWP_DelphiLogo44>
        <UWP_DelphiLogo150>$(BDS)\bin\Artwork\Windows\UWP\delphi_UwpDefault_150.png</UWP_DelphiLogo150>
    </PropertyGroup>
    <PropertyGroup Condition="'$(Base_Win64)'!=''">
        <DCC_UsePackage>dxPSdxSpreadSheetLnkRS28;vclwinx;DataSnapServer;fmx;vclie;DbxCommonDriver;bindengine;IndyIPCommon;VCLRESTComponents;DBXMSSQLDriver;FireDACCommonODBC;emsclient;cxExportRS28;dxHttpIndyRequestRS28;appanalytics;IndyProtocols;vclx;dxTileControlRS28;dxPSdxDBOCLnkRS28;dbxcds;vcledge;dxPSPrVwRibbonRS28;cxPivotGridOLAPRS28;FmxTeeUI;dxGDIPlusRS28;DBXFirebirdDriver;dxCoreRS28;cxPivotGridRS28;dxPSCoreRS28;FireDACSqliteDriver;DbxClientDriver;dxSpreadSheetRS28;dxSkinsCoreRS28;soapmidas;dxBarRS28;TeeUI;dxADOServerModeRS28;dxWizardControlRS28;dbexpress;inet;dxServerModeRS28;vcltouch;cxTreeListRS28;dxBarDBNavRS28;FireDACDBXDriver;fmxdae;dxPScxCommonRS28;dxNavBarRS28;CustomIPTransport;FireDACMSSQLDriver;dxSpreadSheetReportDesignerRS28;dxFireDACEMFRS28;dxComnRS28;dxFlowChartDesignerRS28;IndySystem;cxVerticalGridRS28;ibxbindings;dxmdsRS28;dxRichEditControlRS28;cxSchedulerGridRS28;dxPSdxOCLnkRS28;dxPScxSchedulerLnkRS28;dxPsPrVwAdvRS28;vclFireDAC;FireDACCommon;DataSnapServerMidas;FireDACODBCDriver;emsserverresource;dxADOEMFRS28;dxRibbonCustomizationFormRS28;dxPSdxDBTVLnkRS28;bindcompdbx;dxGaugeControlRS28;rtl;FireDACMySQLDriver;dxDockingRS28;dxPDFViewerRS28;DBXSqliteDriver;dxBarExtItemsRS28;dxPSdxFCLnkRS28;dxorgcRS28;DBXSybaseASEDriver;dxSpreadSheetCoreConditionalFormattingDialogsRS28;dxPSRichEditControlLnkRS28;vclimg;DataSnapFireDAC;inetdbxpress;FireDAC;xmlrtl;ibxpress;dsnap;FireDACDb2Driver;cxSchedulerRibbonStyleEventEditorRS28;DBXOracleDriver;dxPScxTLLnkRS28;DBXInformixDriver;vclib;fmxobj;bindcompvclsmp;DataSnapNativeClient;dxFlowChartRS28;dxPScxPCProdRS28;DatasnapConnectorsFreePascal;emshosting;dxRichEditDocumentModelRS28;dxPSdxMapControlLnkRS28;cxGridEMFRS28;dxGanttControlRS28;dxPScxVGridLnkRS28;dxPScxPivotGridLnkRS28;FireDACCommonDriver;IndyIPClient;dxCloudServiceLibraryRS28;cxLibraryRS28;bindcompvclwinx;emsedge;bindcompfmx;dxPSdxPDFViewerLnkRS28;inetdb;dxSpreadSheetCoreRS28;cxSchedulerTreeBrowserRS28;ibmonitor;FireDACASADriver;dxTabbedMDIRS28;Tee;vclactnband;fmxFireDAC;dxFireDACServerModeRS28;FireDACInfxDriver;DBXMySQLDriver;VclSmp;dxPSdxLCLnkRS28;DataSnapCommon;fmxase;dxdbtrRS28;DBXOdbcDriver;dbrtl;FireDACOracleDriver;dxPSLnksRS28;TeeDB;FireDACMSAccDriver;DataSnapIndy10ServerTransport;DataSnapConnectors;dxChartControlRS28;vcldsnap;DBXInterBaseDriver;FireDACMongoDBDriver;dxSpreadSheetConditionalFormattingDialogsRS28;FireDACTDataDriver;dxOrgChartAdvancedCustomizeFormRS28;vcldb;dxDBXServerModeRS28;cxSchedulerRS28;dxRibbonRS28;dxFlowChartLayoutsRS28;dxPScxExtCommonRS28;dxdborRS28;dxRichEditControlCoreRS28;bindcomp;dxPScxGridLnkRS28;IndyCore;RESTBackendComponents;cxPivotGridChartRS28;dxBarExtDBItemsRS28;dxRichEditCoreRS28;cxTreeListdxBarPopupMenuRS28;dxFlowChartAdvancedCustomizeFormRS28;FireDACADSDriver;RESTComponents;IndyIPServer;vcl;dsnapxml;adortl;dsnapcon;DataSnapClient;DataSnapProviderClient;cxSchedulerWebServiceStorageRS28;dxtrmdRS28;DBXDb2Driver;dxPSdxGaugeControlLnkRS28;dxSpellCheckerRS28;cxGridRS28;emsclientfiredac;FireDACPgDriver;FireDACDSDriver;tethering;dxMapControlRS28;bindcompvcl;dxEMFRS28;CloudService;DBXSybaseASADriver;FMXTee;soaprtl;soapserver;FireDACIBDriver;$(DCC_UsePackage)</DCC_UsePackage>
        <DCC_ConsoleTarget>true</DCC_ConsoleTarget>
        <UWP_DelphiLogo44>$(BDS)\bin\Artwork\Windows\UWP\delphi_UwpDefault_44.png</UWP_DelphiLogo44>
        <UWP_DelphiLogo150>$(BDS)\bin\Artwork\Windows\UWP\delphi_UwpDefault_150.png</UWP_DelphiLogo150>
        <DCC_Namespace>Winapi;System.Win;Data.Win;Datasnap.Win;Web.Win;Soap.Win;Xml.Win;$(DCC_Namespace)</DCC_Namespace>
        <BT_BuildType>Debug</BT_BuildType>
        <VerInfo_Keys>CompanyName=;FileDescription=$(MSBuildProjectName);FileVersion=1.0.0.0;InternalName=;LegalCopyright=;LegalTrademarks=;OriginalFilename=;ProgramID=com.embarcadero.$(MSBuildProjectName);ProductName=$(MSBuildProjectName);ProductVersion=1.0.0.0;Comments=</VerInfo_Keys>
        <VerInfo_Locale>1033</VerInfo_Locale>
    </PropertyGroup>
    <PropertyGroup Condition="'$(Cfg_1)'!=''">
        <DCC_Define>DEBUG;$(DCC_Define)</DCC_Define>
        <DCC_DebugDCUs>true</DCC_DebugDCUs>
        <DCC_Optimize>false</DCC_Optimize>
        <DCC_GenerateStackFrames>true</DCC_GenerateStackFrames>
        <DCC_DebugInfoInExe>true</DCC_DebugInfoInExe>
        <DCC_RemoteDebug>true</DCC_RemoteDebug>
        <DCC_IntegerOverflowCheck>true</DCC_IntegerOverflowCheck>
        <DCC_RangeChecking>true</DCC_RangeChecking>
    </PropertyGroup>
    <PropertyGroup Condition="'$(Cfg_1_Win32)'!=''">
        <DCC_RemoteDebug>false</DCC_RemoteDebug>
    </PropertyGroup>
    <PropertyGroup Condition="'$(Cfg_2)'!=''">
        <DCC_LocalDebugSymbols>false</DCC_LocalDebugSymbols>
        <DCC_Define>RELEASE;$(DCC_Define)</DCC_Define>
        <DCC_SymbolReferenceInfo>0</DCC_SymbolReferenceInfo>
        <DCC_DebugInformation>0</DCC_DebugInformation>
    </PropertyGroup>
    <ItemGroup>
        <DelphiCompile Include="$(MainSource)">
            <MainSource>MainSource</MainSource>
        </DelphiCompile>
        <BuildConfiguration Include="Base">
            <Key>Base</Key>
        </BuildConfiguration>
        <BuildConfiguration Include="Debug">
            <Key>Cfg_1</Key>
            <CfgParent>Base</CfgParent>
        </BuildConfiguration>
        <BuildConfiguration Include="Release">
            <Key>Cfg_2</Key>
            <CfgParent>Base</CfgParent>
        </BuildConfiguration>
    </ItemGroup>
    <ProjectExtensions>
        <Borland.Personality>Delphi.Personality.12</Borland.Personality>
        <Borland.ProjectType>Application</Borland.ProjectType>
        <BorlandProject>
            <Delphi.Personality>
                <Source>
                    <Source Name="MainSource">Project1.dpr</Source>
                </Source>
            </Delphi.Personality>
            <Deployment Version="4"/>
            <Platforms>
                <Platform value="Android">False</Platform>
                <Platform value="Android64">False</Platform>
                <Platform value="iOSDevice64">False</Platform>
                <Platform value="iOSSimARM64">False</Platform>
                <Platform value="Linux64">False</Platform>
                <Platform value="OSX64">False</Platform>
                <Platform value="OSXARM64">False</Platform>
                <Platform value="Win32">True</Platform>
                <Platform value="Win64">True</Platform>
            </Platforms>
        </BorlandProject>
        <ProjectFileVersion>12</ProjectFileVersion>
    </ProjectExtensions>
    <Import Project="$(BDS)\Bin\CodeGear.Delphi.Targets" Condition="Exists('$(BDS)\Bin\CodeGear.Delphi.Targets')"/>
    <Import Project="$(APPDATA)\Embarcadero\$(BDSAPPDATABASEDIR)\$(PRODUCTVERSION)\UserTools.proj" Condition="Exists('$(APPDATA)\Embarcadero\$(BDSAPPDATABASEDIR)\$(PRODUCTVERSION)\UserTools.proj')"/>
    <Import Project="$(MSBuildProjectName).deployproj" Condition="Exists('$(MSBuildProjectName).deployproj')"/>
</Project>
