<?xml version="1.0"?>
<CONFIG>
  <ProjectOptions>
    <PathDelim Value="\"/>
    <Version Value="5"/>
    <General>
      <MainUnit Value="0"/>
      <IconPath Value="./"/>
      <TargetFileExt Value=".exe"/>
      <Title Value="selecttogrid"/>
      <ActiveEditorIndexAtStart Value="0"/>
    </General>
    <PublishOptions>
      <Version Value="2"/>
      <DestinationDirectory Value="$(TestDir)\publishedproject\"/>
      <IgnoreBinaries Value="False"/>
      <IncludeFileFilter Value="*.(pas|pp|inc|lfm|lpr|lrs|lpi|lpk|sh|xml)"/>
      <ExcludeFileFilter Value="*.(bak|ppu|ppw|o|so);*~;backup"/>
    </PublishOptions>
    <RunParams>
      <local>
        <FormatVersion Value="1"/>
        <LaunchingApplication PathPlusParams="\usr\X11R6\bin\xterm -T 'Lazarus Run Output' -e $(LazarusDir)\tools\runwait.sh $(TargetCmdLine)"/>
      </local>
    </RunParams>
    <RequiredPackages Count="2">
      <Item1>
        <PackageName Value="UIBLaz"/>
        <MinVersion Major="1" Valid="True"/>
      </Item1>
      <Item2>
        <PackageName Value="LCL"/>
      </Item2>
    </RequiredPackages>
    <Units Count="6">
      <Unit0>
        <Filename Value="selecttogrid.lpr"/>
        <IsPartOfProject Value="True"/>
        <UnitName Value="selecttogrid"/>
        <CursorPos X="15" Y="8"/>
        <TopLine Value="1"/>
        <EditorIndex Value="0"/>
        <UsageCount Value="20"/>
        <Loaded Value="True"/>
      </Unit0>
      <Unit1>
        <Filename Value="frm_selecttogrid.pp"/>
        <ComponentName Value="Form1"/>
        <ResourceFilename Value="frm_selecttogrid.lrs"/>
        <UnitName Value="frm_selecttogrid"/>
        <CursorPos X="1" Y="1"/>
        <TopLine Value="1"/>
        <EditorIndex Value="1"/>
        <UsageCount Value="10"/>
        <Loaded Value="True"/>
      </Unit1>
      <Unit2>
        <Filename Value="C:\lazarus\lcl\Grids.pas"/>
        <UnitName Value="Grids"/>
        <CursorPos X="15" Y="530"/>
        <TopLine Value="509"/>
        <UsageCount Value="10"/>
      </Unit2>
      <Unit3>
        <Filename Value="..\..\..\..\..\..\UIB2\source\uibdataset.pas"/>
        <UnitName Value="uibdataset"/>
        <CursorPos X="1" Y="1"/>
        <TopLine Value="1"/>
        <EditorIndex Value="2"/>
        <UsageCount Value="10"/>
        <Loaded Value="True"/>
      </Unit3>
      <Unit4>
        <Filename Value="C:\lazarus\startlazarus.lpr"/>
        <UnitName Value="StartLazarus"/>
        <CursorPos X="1" Y="50"/>
        <TopLine Value="20"/>
        <UsageCount Value="10"/>
      </Unit4>
      <Unit5>
        <Filename Value="C:\lazarus\lcl\LCLType.pp"/>
        <UnitName Value="LCLType"/>
        <CursorPos X="10" Y="64"/>
        <TopLine Value="42"/>
        <UsageCount Value="10"/>
      </Unit5>
    </Units>
    <JumpHistory Count="4" HistoryIndex="3">
      <Position1>
        <Filename Value="..\..\..\..\..\..\UIB2\source\uibdataset.pas"/>
        <Caret Line="1" Column="1" TopLine="1"/>
      </Position1>
      <Position2>
        <Filename Value="..\..\..\..\..\..\UIB2\source\uibdataset.pas"/>
        <Caret Line="766" Column="24" TopLine="676"/>
      </Position2>
      <Position3>
        <Filename Value="..\..\..\..\..\..\UIB2\source\uibdataset.pas"/>
        <Caret Line="766" Column="62" TopLine="744"/>
      </Position3>
      <Position4>
        <Filename Value="..\..\..\..\..\..\UIB2\source\uibdataset.pas"/>
        <Caret Line="764" Column="71" TopLine="699"/>
      </Position4>
    </JumpHistory>
  </ProjectOptions>
  <CompilerOptions>
    <Version Value="5"/>
    <PathDelim Value="\"/>
    <SearchPaths>
      <SrcPath Value="$(LazarusDir)\lcl\;$(LazarusDir)\lcl\interfaces\$(LCLWidgetType)\"/>
    </SearchPaths>
    <CodeGeneration>
      <Generate Value="Faster"/>
    </CodeGeneration>
    <Linking>
      <Options>
        <Win32>
          <GraphicApplication Value="True"/>
        </Win32>
      </Options>
    </Linking>
    <Other>
      <CompilerPath Value="$(CompPath)"/>
    </Other>
  </CompilerOptions>
</CONFIG>
