<?xml version="1.0" encoding="utf-8"?>
<Project xmlns="http://schemas.microsoft.com/developer/msbuild/2003">
  <PropertyGroup>
    <ProjectGuid>{ff40e59d-be8f-4742-bcdd-45f5e22935d9}</ProjectGuid>
    <MainSource>MetaData.dpr</MainSource>
    <Configuration Condition=" '$(Configuration)' == '' ">Debug</Configuration>
    <Platform Condition=" '$(Platform)' == '' ">AnyCPU</Platform>
    <DCC_DCCCompiler>DCC32</DCC_DCCCompiler>
    <DCC_DependencyCheckOutputName>MetaData.exe</DCC_DependencyCheckOutputName>
  </PropertyGroup>
  <PropertyGroup Condition=" '$(Configuration)|$(Platform)' == 'Release|AnyCPU' ">
    <Version>7.0</Version>
    <DCC_DebugInformation>False</DCC_DebugInformation>
    <DCC_IOChecking>False</DCC_IOChecking>
    <DCC_LocalDebugSymbols>False</DCC_LocalDebugSymbols>
    <DCC_Optimize>False</DCC_Optimize>
    <DCC_GenerateStackFrames>True</DCC_GenerateStackFrames>
    <DCC_SymbolReferenceInfo>0</DCC_SymbolReferenceInfo>
    <DCC_MapFile>3</DCC_MapFile>
    <DCC_Define>RELEASE</DCC_Define>
  </PropertyGroup>
  <PropertyGroup Condition=" '$(Configuration)|$(Platform)' == 'Debug|AnyCPU' ">
    <Version>7.0</Version>
    <DCC_IOChecking>False</DCC_IOChecking>
    <DCC_Optimize>False</DCC_Optimize>
    <DCC_GenerateStackFrames>True</DCC_GenerateStackFrames>
    <DCC_SymbolReferenceInfo>2</DCC_SymbolReferenceInfo>
    <DCC_MapFile>3</DCC_MapFile>
    <DCC_Define>DEBUG;EUREKALOG;EUREKALOG_VER6</DCC_Define>
  </PropertyGroup>
  <ProjectExtensions>
    <Borland.Personality>Delphi.Personality</Borland.Personality>
    <Borland.ProjectType>VCLApplication</Borland.ProjectType>
    <BorlandProject>
<BorlandProject><Delphi.Personality><Parameters><Parameters Name="UseLauncher">False</Parameters><Parameters Name="LoadAllSymbols">True</Parameters><Parameters Name="LoadUnspecifiedSymbols">False</Parameters></Parameters><VersionInfo><VersionInfo Name="IncludeVerInfo">False</VersionInfo><VersionInfo Name="AutoIncBuild">False</VersionInfo><VersionInfo Name="MajorVer">1</VersionInfo><VersionInfo Name="MinorVer">0</VersionInfo><VersionInfo Name="Release">0</VersionInfo><VersionInfo Name="Build">0</VersionInfo><VersionInfo Name="Debug">False</VersionInfo><VersionInfo Name="PreRelease">False</VersionInfo><VersionInfo Name="Special">False</VersionInfo><VersionInfo Name="Private">False</VersionInfo><VersionInfo Name="DLL">False</VersionInfo><VersionInfo Name="Locale">1036</VersionInfo><VersionInfo Name="CodePage">1252</VersionInfo></VersionInfo><VersionInfoKeys><VersionInfoKeys Name="CompanyName"></VersionInfoKeys><VersionInfoKeys Name="FileDescription"></VersionInfoKeys><VersionInfoKeys Name="FileVersion">1.0.0.0</VersionInfoKeys><VersionInfoKeys Name="InternalName"></VersionInfoKeys><VersionInfoKeys Name="LegalCopyright"></VersionInfoKeys><VersionInfoKeys Name="LegalTrademarks"></VersionInfoKeys><VersionInfoKeys Name="OriginalFilename"></VersionInfoKeys><VersionInfoKeys Name="ProductName"></VersionInfoKeys><VersionInfoKeys Name="ProductVersion">1.0.0.0</VersionInfoKeys><VersionInfoKeys Name="Comments"></VersionInfoKeys></VersionInfoKeys><Source><Source Name="MainSource">MetaData.dpr</Source></Source></Delphi.Personality></BorlandProject></BorlandProject>
  </ProjectExtensions>
  <Import Project="$(MSBuildBinPath)\Borland.Delphi.Targets" />
  <ItemGroup>
    <DelphiCompile Include="MetaData.dpr">
      <MainSource>MainSource</MainSource>
    </DelphiCompile>
    <DCCReference Include="main.pas">
      <Form>MainForm</Form>
    </DCCReference>
  </ItemGroup>
</Project>
<!-- EurekaLog
[Journal des erreurs]
EurekaLog Version=6010
Activate=1
Activate Handle=1
Save Log File=1
Foreground Tab=0
Freeze Activate=0
Freeze Timeout=60
SMTP From=eurekalog@email.com
SMTP Host=
SMTP Port=25
SMTP UserID=
SMTP Password=
Append to Log=0
TerminateBtn Operation=2
Errors Number=32
Errors Terminate=3
Email Address=
Email Object=
Email Send Options=0
Output Path=
Encrypt Password=
AutoCloseDialogSecs=0
WebSendMode=0
SupportULR=
HTMLLayout Count=15
HTMLLine0="%3Chtml%3E"
HTMLLine1="  %3Chead%3E"
HTMLLine2="  %3C/head%3E"
HTMLLine3="  %3Cbody TopMargin=10 LeftMargin=10%3E"
HTMLLine4="    %3Ctable width="100%%" border="0"%3E"
HTMLLine5="      %3Ctr%3E"
HTMLLine6="        %3Ctd nowrap%3E"
HTMLLine7="          %3Cfont face="Lucida Console, Courier" size="2"%3E"
HTMLLine8="            %3C%%HTML_TAG%%%3E"
HTMLLine9="          %3C/font%3E"
HTMLLine10="        %3C/td%3E"
HTMLLine11="      %3C/tr%3E"
HTMLLine12="    %3C/table%3E"
HTMLLine13="  %3C/body%3E"
HTMLLine14="%3C/html%3E"
AutoCrashOperation=2
AutoCrashNumber=10
AutoCrashMinutes=1
WebURL=
WebUserID=
WebPassword=
WebPort=0
AttachedFiles=
ProxyURL=
ProxyUser=
ProxyPassword=
ProxyPort=8080
TrakerUser=
TrakerPassword=
TrakerAssignTo=
TrakerProject=
TrakerCategory=
TrakerTrialID=
ZipPassword=
PreBuildEvent=
PostSuccessfulBuildEvent=
PostFailureBuildEvent=
ExceptionDialogType=2
Count=0
EMail Message Line Count=0
loNoDuplicateErrors=0
loAppendReproduceText=0
loDeleteLogAtVersionChange=0
loAddComputerNameInLogFileName=0
loSaveModulesAndProcessesSections=1
loSaveAssemblerAndCPUSections=1
soAppStartDate=1
soAppName=1
soAppVersionNumber=1
soAppParameters=1
soAppCompilationDate=1
soAppUpTime=1
soExcDate=1
soExcAddress=1
soExcModuleName=1
soExcModuleVersion=1
soExcType=1
soExcMessage=1
soExcID=1
soExcCount=1
soExcStatus=1
soExcNote=1
soUserID=1
soUserName=1
soUserEmail=1
soUserPrivileges=1
soUserCompany=1
soActCtlsFormClass=1
soActCtlsFormText=1
soActCtlsControlClass=1
soActCtlsControlText=1
soCmpName=1
soCmpTotalMemory=1
soCmpFreeMemory=1
soCmpTotalDisk=1
soCmpFreeDisk=1
soCmpSysUpTime=1
soCmpProcessor=1
soCmpDisplayMode=1
soCmpDisplayDPI=1
soCmpVideoCard=1
soCmpPrinter=1
soOSType=1
soOSBuildN=1
soOSUpdate=1
soOSLanguage=1
soOSCharset=1
soNetIP=1
soNetSubmask=1
soNetGateway=1
soNetDNS1=1
soNetDNS2=1
soNetDHCP=1
soCustomData=1
sndShowSendDialog=1
sndShowSuccessFailureMsg=0
sndSendEntireLog=0
sndSendXMLLogCopy=0
sndSendScreenshot=1
sndUseOnlyActiveWindow=0
sndSendLastHTMLPage=1
sndSendInSeparatedThread=0
sndAddDateInFileName=0
sndAddComputerNameInFileName=0
edoSendErrorReportChecked=1
edoAttachScreenshotChecked=1
edoShowCopyToClipOption=1
edoShowDetailsButton=1
edoShowInDetailedMode=0
edoShowInTopMostMode=0
edoUseEurekaLogLookAndFeel=0
edoShowSendErrorReportOption=1
edoShowAttachScreenshotOption=1
edoShowCustomButton=0
csoShowDLLs=1
csoShowBPLs=1
csoShowBorlandThreads=1
csoShowWindowsThreads=1
csoDoNotStoreProcNames=0
boPauseBorlandThreads=0
boDoNotPauseMainThread=0
boPauseWindowsThreads=0
boUseMainModuleOptions=1
boCopyLogInCaseOfError=1
boSaveCompressedCopyInCaseOfError=0
boHandleSafeCallExceptions=1
boCallRTLExceptionEvent=0
boCatchHandledExceptions=0
loCatchLeaks=0
loGroupsSonLeaks=1
loHideBorlandLeaks=1
loFreeAllLeaks=1
loCatchLeaksExceptions=1
cfoReduceFileSize=1
cfoCheckFileCorruption=0
Count mtInformationMsgCaption=1
mtInformationMsgCaption0="Informations."
Count mtQuestionMsgCaption=1
mtQuestionMsgCaption0="Questions."
Count mtErrorMsgCaption=1
mtErrorMsgCaption0="Erreurs."
Count mtDialog_Caption=1
mtDialog_Caption0="Une erreur est survenue"
Count mtDialog_ErrorMsgCaption=2
mtDialog_ErrorMsgCaption0="Une erreur est survenue pendant l'ex%E9cution de ce programme."
mtDialog_ErrorMsgCaption1="Vous devriez lire les informations suivantes pour plus de d%E9tails."
Count mtDialog_GeneralCaption=1
mtDialog_GeneralCaption0="G%E9n%E9ral"
Count mtDialog_GeneralHeader=1
mtDialog_GeneralHeader0="Informations g%E9n%E9rales"
Count mtDialog_CallStackCaption=1
mtDialog_CallStackCaption0="Pile des appels"
Count mtDialog_CallStackHeader=1
mtDialog_CallStackHeader0="Informations relatives %E0 la pile des appels"
Count mtDialog_ModulesCaption=1
mtDialog_ModulesCaption0="Modules"
Count mtDialog_ModulesHeader=1
mtDialog_ModulesHeader0="Informations relatives aux modules"
Count mtDialog_ProcessesCaption=1
mtDialog_ProcessesCaption0="Processus"
Count mtDialog_ProcessesHeader=1
mtDialog_ProcessesHeader0="Informations relatives aux processus"
Count mtDialog_AsmCaption=1
mtDialog_AsmCaption0="D%E9sassembleur"
Count mtDialog_AsmHeader=1
mtDialog_AsmHeader0="Informations fournies par le d%E9sassembleur"
Count mtDialog_CPUCaption=1
mtDialog_CPUCaption0="CPU"
Count mtDialog_CPUHeader=1
mtDialog_CPUHeader0="Informations relatives %E0 l'%E9tat du processeur"
Count mtDialog_OKButtonCaption=1
mtDialog_OKButtonCaption0="%26OK"
Count mtDialog_TerminateButtonCaption=1
mtDialog_TerminateButtonCaption0="%26Terminer"
Count mtDialog_RestartButtonCaption=1
mtDialog_RestartButtonCaption0="%26Red%E9marrer"
Count mtDialog_DetailsButtonCaption=1
mtDialog_DetailsButtonCaption0="%26D%E9tails"
Count mtDialog_CustomButtonCaption=1
mtDialog_CustomButtonCaption0="%26Aide"
Count mtDialog_SendMessage=1
mtDialog_SendMessage0="%26Envoyer cette erreur par Internet"
Count mtDialog_ScreenshotMessage=1
mtDialog_ScreenshotMessage0="%26Joindre une copie d'%E9cran"
Count mtDialog_CopyMessage=1
mtDialog_CopyMessage0="%26Copier les d%E9tails de l'erreur dans le presse%2Dpapiers"
Count mtDialog_SupportMessage=1
mtDialog_SupportMessage0="Aller %E0 la page du support technique"
Count mtMSDialog_ErrorMsgCaption=1
mtMSDialog_ErrorMsgCaption0="Cette application a rencontr%E9 un probl%E8me. Nous nous excusons pour les d%E9sagr%E9ments que cela peut vous causer."
Count mtMSDialog_RestartCaption=1
mtMSDialog_RestartCaption0="Red%E9marrer l'application."
Count mtMSDialog_TerminateCaption=1
mtMSDialog_TerminateCaption0="Terminer l'application."
Count mtMSDialog_PleaseCaption=1
mtMSDialog_PleaseCaption0="Merci de nous informer de ce probl%E8me."
Count mtMSDialog_DescriptionCaption=1
mtMSDialog_DescriptionCaption0="Nous venons de cr%E9er un rapport d'erreur que vous pouvez nous envoyer. Nous vous assurons que toutes ces informations resteront anonymes et confidentielles."
Count mtMSDialog_SeeDetailsCaption=1
mtMSDialog_SeeDetailsCaption0="Pour voir ce que contient ce rapport d'erreur,"
Count mtMSDialog_SeeClickCaption=1
mtMSDialog_SeeClickCaption0="cliquez ici"
Count mtMSDialog_HowToReproduceCaption=1
mtMSDialog_HowToReproduceCaption0="Facultatif : Pouvez%2Dvous nous expliquer ce que vous faisiez avec l'application quand cette erreur est survenue ?"
Count mtMSDialog_EmailCaption=1
mtMSDialog_EmailCaption0="Facultatif : Adresse %E9mail"
Count mtMSDialog_SendButtonCaption=1
mtMSDialog_SendButtonCaption0="%26Envoyer ce rapport d'erreur"
Count mtMSDialog_NoSendButtonCaption=1
mtMSDialog_NoSendButtonCaption0="%26Ne pas envoyer"
Count mtLog_AppHeader=1
mtLog_AppHeader0="Application"
Count mtLog_AppStartDate=1
mtLog_AppStartDate0="Date de d%E9marrage"
Count mtLog_AppName=1
mtLog_AppName0="Nom/Description"
Count mtLog_AppVersionNumber=1
mtLog_AppVersionNumber0="Num%E9ro de version"
Count mtLog_AppParameters=1
mtLog_AppParameters0="Param%E8tres"
Count mtLog_AppCompilationDate=1
mtLog_AppCompilationDate0="Date de compilation"
Count mtLog_AppUpTime=1
mtLog_AppUpTime0="Dur%E9e de fonctionnement"
Count mtLog_ExcHeader=1
mtLog_ExcHeader0="Erreur"
Count mtLog_ExcDate=1
mtLog_ExcDate0="Date"
Count mtLog_ExcAddress=1
mtLog_ExcAddress0="Adresse"
Count mtLog_ExcModuleName=1
mtLog_ExcModuleName0="Module"
Count mtLog_ExcModuleVersion=1
mtLog_ExcModuleVersion0="Version du module"
Count mtLog_ExcType=1
mtLog_ExcType0="Type"
Count mtLog_ExcMessage=1
mtLog_ExcMessage0="Message"
Count mtLog_ExcID=1
mtLog_ExcID0="ID"
Count mtLog_ExcCount=1
mtLog_ExcCount0="Nombre"
Count mtLog_ExcStatus=1
mtLog_ExcStatus0="Etat"
Count mtLog_ExcNote=1
mtLog_ExcNote0="Note"
Count mtLog_UserHeader=1
mtLog_UserHeader0="Utilisateur"
Count mtLog_UserID=1
mtLog_UserID0="ID"
Count mtLog_UserName=1
mtLog_UserName0="Nom"
Count mtLog_UserEmail=1
mtLog_UserEmail0="Email"
Count mtLog_UserCompany=1
mtLog_UserCompany0="Soci%E9t%E9"
Count mtLog_UserPrivileges=1
mtLog_UserPrivileges0="Privil%E8ges"
Count mtLog_ActCtrlsHeader=1
mtLog_ActCtrlsHeader0="Contr%F4les actifs"
Count mtLog_ActCtrlsFormClass=1
mtLog_ActCtrlsFormClass0="Classe de la fen%EAtre"
Count mtLog_ActCtrlsFormText=1
mtLog_ActCtrlsFormText0="Texte de la fen%EAtre"
Count mtLog_ActCtrlsControlClass=1
mtLog_ActCtrlsControlClass0="Classe du contr%F4le"
Count mtLog_ActCtrlsControlText=1
mtLog_ActCtrlsControlText0="Texte du contr%F4le"
Count mtLog_CmpHeader=1
mtLog_CmpHeader0="Machine"
Count mtLog_CmpName=1
mtLog_CmpName0="Nom"
Count mtLog_CmpTotalMemory=1
mtLog_CmpTotalMemory0="M%E9moire totale"
Count mtLog_CmpFreeMemory=1
mtLog_CmpFreeMemory0="M%E9moire libre"
Count mtLog_CmpTotalDisk=1
mtLog_CmpTotalDisk0="Espace disque total"
Count mtLog_CmpFreeDisk=1
mtLog_CmpFreeDisk0="Espace disque libre"
Count mtLog_CmpSystemUpTime=1
mtLog_CmpSystemUpTime0="Dur%E9e de fonctionnement du syst%E8me"
Count mtLog_CmpProcessor=1
mtLog_CmpProcessor0="Processeur"
Count mtLog_CmpDisplayMode=1
mtLog_CmpDisplayMode0="Mode d'affichage"
Count mtLog_CmpDisplayDPI=1
mtLog_CmpDisplayDPI0="R%E9solution de l'affichage"
Count mtLog_CmpVideoCard=1
mtLog_CmpVideoCard0="Carte vid%E9o"
Count mtLog_CmpPrinter=1
mtLog_CmpPrinter0="Imprimante"
Count mtLog_OSHeader=1
mtLog_OSHeader0="Syst%E8me d'exploitation"
Count mtLog_OSType=1
mtLog_OSType0="Type"
Count mtLog_OSBuildN=1
mtLog_OSBuildN0="Version"
Count mtLog_OSUpdate=1
mtLog_OSUpdate0="Mise %E0 jour"
Count mtLog_OSLanguage=1
mtLog_OSLanguage0="Langue"
Count mtLog_OSCharset=1
mtLog_OSCharset0="Jeu de caract%E8res"
Count mtLog_NetHeader=1
mtLog_NetHeader0="R%E9seau"
Count mtLog_NetIP=1
mtLog_NetIP0="Adresse IP"
Count mtLog_NetSubmask=1
mtLog_NetSubmask0="Masque de sous%2Dr%E9seau"
Count mtLog_NetGateway=1
mtLog_NetGateway0="Passerelle"
Count mtLog_NetDNS1=1
mtLog_NetDNS10="DNS 1"
Count mtLog_NetDNS2=1
mtLog_NetDNS20="DNS 2"
Count mtLog_NetDHCP=1
mtLog_NetDHCP0="DHCP"
Count mtLog_CustInfoHeader=1
mtLog_CustInfoHeader0="Informations suppl%E9mentaires"
Count mtCallStack_Address=1
mtCallStack_Address0="Adresse"
Count mtCallStack_Name=1
mtCallStack_Name0="Module"
Count mtCallStack_Unit=1
mtCallStack_Unit0="Unit%E9"
Count mtCallStack_Class=1
mtCallStack_Class0="Classe"
Count mtCallStack_Procedure=1
mtCallStack_Procedure0="Proc%E9dure/M%E9thode"
Count mtCallStack_Line=1
mtCallStack_Line0="Ligne"
Count mtCallStack_MainThread=1
mtCallStack_MainThread0="Thread principal"
Count mtCallStack_ExceptionThread=1
mtCallStack_ExceptionThread0="Thread o%F9 l'erreur est survenue"
Count mtCallStack_RunningThread=1
mtCallStack_RunningThread0="Threads actifs"
Count mtCallStack_CallingThread=1
mtCallStack_CallingThread0="Thread appelant"
Count mtCallStack_ThreadID=1
mtCallStack_ThreadID0="ID"
Count mtCallStack_ThreadPriority=1
mtCallStack_ThreadPriority0="Priorit%E9"
Count mtCallStack_ThreadClass=1
mtCallStack_ThreadClass0="Classe"
Count mtCallStack_LeakCaption=1
mtCallStack_LeakCaption0="Fuite de m%E9moire"
Count mtCallStack_LeakData=1
mtCallStack_LeakData0="Donn%E9es"
Count mtCallStack_LeakType=1
mtCallStack_LeakType0="Type"
Count mtCallStack_LeakSize=1
mtCallStack_LeakSize0="Taille"
Count mtCallStack_LeakCount=1
mtCallStack_LeakCount0="Nombre"
Count mtSendDialog_Caption=1
mtSendDialog_Caption0="Envoyer."
Count mtSendDialog_Message=1
mtSendDialog_Message0="Message"
Count mtSendDialog_Resolving=1
mtSendDialog_Resolving0="R%E9solution du nom DNS..."
Count mtSendDialog_Login=1
mtSendDialog_Login0="Identification..."
Count mtSendDialog_Connecting=1
mtSendDialog_Connecting0="Connexion au serveur..."
Count mtSendDialog_Connected=1
mtSendDialog_Connected0="Connect%E9 au serveur."
Count mtSendDialog_Sending=1
mtSendDialog_Sending0="Envoi du message..."
Count mtSendDialog_Sent=1
mtSendDialog_Sent0="Message envoy%E9."
Count mtSendDialog_SelectProject=1
mtSendDialog_SelectProject0="Selection du projet..."
Count mtSendDialog_Searching=1
mtSendDialog_Searching0="Recherche..."
Count mtSendDialog_Modifying=1
mtSendDialog_Modifying0="Modification..."
Count mtSendDialog_Disconnecting=1
mtSendDialog_Disconnecting0="D%E9connexion..."
Count mtSendDialog_Disconnected=1
mtSendDialog_Disconnected0="D%E9connect%E9."
Count mtReproduceDialog_Caption=1
mtReproduceDialog_Caption0="Question"
Count mtReproduceDialog_Request=1
mtReproduceDialog_Request0="Merci de bien vouloir nous d%E9crire les %E9tapes qui permettent de reproduire cette erreur :"
Count mtReproduceDialog_OKButtonCaption=1
mtReproduceDialog_OKButtonCaption0="%26OK"
Count mtModules_Handle=1
mtModules_Handle0="Handle"
Count mtModules_Name=1
mtModules_Name0="Nom"
Count mtModules_Description=1
mtModules_Description0="Description"
Count mtModules_Version=1
mtModules_Version0="Version"
Count mtModules_Size=1
mtModules_Size0="Taille"
Count mtModules_LastModified=1
mtModules_LastModified0="Modifi%E9 le"
Count mtModules_Path=1
mtModules_Path0="Chemin"
Count mtProcesses_ID=1
mtProcesses_ID0="ID"
Count mtProcesses_Name=1
mtProcesses_Name0="Nom"
Count mtProcesses_Description=1
mtProcesses_Description0="Description"
Count mtProcesses_Version=1
mtProcesses_Version0="Version"
Count mtProcesses_Memory=1
mtProcesses_Memory0="M%E9moire"
Count mtProcesses_Priority=1
mtProcesses_Priority0="Priorit%E9"
Count mtProcesses_Threads=1
mtProcesses_Threads0="Threads"
Count mtProcesses_Path=1
mtProcesses_Path0="Chemin"
Count mtCPU_Registers=1
mtCPU_Registers0="Registres"
Count mtCPU_Stack=1
mtCPU_Stack0="Pile"
Count mtCPU_MemoryDump=1
mtCPU_MemoryDump0="Vidage m%E9moire"
Count mtSend_SuccessMsg=1
mtSend_SuccessMsg0="Le message a bien %E9t%E9 envoy%E9."
Count mtSend_FailureMsg=1
mtSend_FailureMsg0="D%E9sol%E9, l'envoi du message a %E9chou%E9."
Count mtSend_BugClosedMsg=2
mtSend_BugClosedMsg0="Cette erreur a %E9t%E9 corrig%E9e."
mtSend_BugClosedMsg1="Vous devriez contacter le support technique du programme pour obtenir une mise %E0 jour."
Count mtSend_UnknownErrorMsg=1
mtSend_UnknownErrorMsg0="Error inconnue."
Count mtSend_InvalidLoginMsg=1
mtSend_InvalidLoginMsg0="Requ%EAte d'identification invalide."
Count mtSend_InvalidSearchMsg=1
mtSend_InvalidSearchMsg0="Requ%EAte de recherche invalide."
Count mtSend_InvalidSelectionMsg=1
mtSend_InvalidSelectionMsg0="Requ%EAte de s%E9lection invalide."
Count mtSend_InvalidInsertMsg=1
mtSend_InvalidInsertMsg0="Requ%EAte d'insertion invalide."
Count mtSend_InvalidModifyMsg=1
mtSend_InvalidModifyMsg0="Requ%EAte de mise %E0 jour invalide."
Count mtFileCrackedMsg=2
mtFileCrackedMsg0="Ce programme a %E9t%E9 craqu%E9."
mtFileCrackedMsg1="L'application va se fermer."
Count mtException_LeakMultiFree=1
mtException_LeakMultiFree0="Tentative de lib%E9ration multiple d'un m%EAme bloc de m%E9moire."
Count mtException_LeakMemoryOverrun=1
mtException_LeakMemoryOverrun0="D%E9passement de la capacit%E9 de la m%E9moire disponbible."
Count mtException_AntiFreeze=1
mtException_AntiFreeze0="Cette application semble %EAtre gel%E9e."
Count mtInvalidEmailMsg=1
mtInvalidEmailMsg0="Adresse %E9mail invalide."
TextsCollection=
/EurekaLog -->