<Project xmlns="http://schemas.microsoft.com/developer/msbuild/2003">
  <PropertyGroup>
    <ProjectGuid>{9ED63987-1D8E-44FD-B58D-BA533BFC56B9}</ProjectGuid>
    <ProjectVersion>20.3</ProjectVersion>
    <FrameworkType>None</FrameworkType>
    <Base>True</Base>
    <Config Condition="&#39;$(Config)&#39;==&#39;&#39;">Debug</Config>
    <Platform Condition="&#39;$(Platform)&#39;==&#39;&#39;">Win64</Platform>
    <TargetedPlatforms>3</TargetedPlatforms>
    <AppType>Console</AppType>
    <MainSource>CodeBuilder.dpr</MainSource>
    <ProjectName Condition="&#39;$(ProjectName)&#39;==&#39;&#39;">CodeBuilder</ProjectName>
  </PropertyGroup>
  <PropertyGroup Condition="&#39;$(Config)&#39;==&#39;Base&#39; or &#39;$(Base)&#39;!=&#39;&#39;">
    <Base>true</Base>
  </PropertyGroup>
  <PropertyGroup Condition="(&#39;$(Platform)&#39;==&#39;Android&#39; and &#39;$(Base)&#39;==&#39;true&#39;) or &#39;$(Base_Android)&#39;!=&#39;&#39;">
    <Base_Android>true</Base_Android>
    <CfgParent>Base</CfgParent>
    <Base>true</Base>
  </PropertyGroup>
  <PropertyGroup Condition="(&#39;$(Platform)&#39;==&#39;Android64&#39; and &#39;$(Base)&#39;==&#39;true&#39;) or &#39;$(Base_Android64)&#39;!=&#39;&#39;">
    <Base_Android64>true</Base_Android64>
    <CfgParent>Base</CfgParent>
    <Base>true</Base>
  </PropertyGroup>
  <PropertyGroup Condition="(&#39;$(Platform)&#39;==&#39;iOSDevice64&#39; and &#39;$(Base)&#39;==&#39;true&#39;) or &#39;$(Base_iOSDevice64)&#39;!=&#39;&#39;">
    <Base_iOSDevice64>true</Base_iOSDevice64>
    <CfgParent>Base</CfgParent>
    <Base>true</Base>
  </PropertyGroup>
  <PropertyGroup Condition="(&#39;$(Platform)&#39;==&#39;iOSSimARM64&#39; and &#39;$(Base)&#39;==&#39;true&#39;) or &#39;$(Base_iOSSimARM64)&#39;!=&#39;&#39;">
    <Base_iOSSimARM64>true</Base_iOSSimARM64>
    <CfgParent>Base</CfgParent>
    <Base>true</Base>
  </PropertyGroup>
  <PropertyGroup Condition="(&#39;$(Platform)&#39;==&#39;Linux64&#39; and &#39;$(Base)&#39;==&#39;true&#39;) or &#39;$(Base_Linux64)&#39;!=&#39;&#39;">
    <Base_Linux64>true</Base_Linux64>
    <CfgParent>Base</CfgParent>
    <Base>true</Base>
  </PropertyGroup>
  <PropertyGroup Condition="(&#39;$(Platform)&#39;==&#39;OSX64&#39; and &#39;$(Base)&#39;==&#39;true&#39;) or &#39;$(Base_OSX64)&#39;!=&#39;&#39;">
    <Base_OSX64>true</Base_OSX64>
    <CfgParent>Base</CfgParent>
    <Base>true</Base>
  </PropertyGroup>
  <PropertyGroup Condition="(&#39;$(Platform)&#39;==&#39;OSXARM64&#39; and &#39;$(Base)&#39;==&#39;true&#39;) or &#39;$(Base_OSXARM64)&#39;!=&#39;&#39;">
    <Base_OSXARM64>true</Base_OSXARM64>
    <CfgParent>Base</CfgParent>
    <Base>true</Base>
  </PropertyGroup>
  <PropertyGroup Condition="(&#39;$(Platform)&#39;==&#39;Win32&#39; and &#39;$(Base)&#39;==&#39;true&#39;) or &#39;$(Base_Win32)&#39;!=&#39;&#39;">
    <Base_Win32>true</Base_Win32>
    <CfgParent>Base</CfgParent>
    <Base>true</Base>
  </PropertyGroup>
  <PropertyGroup Condition="(&#39;$(Platform)&#39;==&#39;Win64&#39; and &#39;$(Base)&#39;==&#39;true&#39;) or &#39;$(Base_Win64)&#39;!=&#39;&#39;">
    <Base_Win64>true</Base_Win64>
    <CfgParent>Base</CfgParent>
    <Base>true</Base>
  </PropertyGroup>
  <PropertyGroup Condition="&#39;$(Config)&#39;==&#39;Debug&#39; or &#39;$(Cfg_1)&#39;!=&#39;&#39;">
    <Cfg_1>true</Cfg_1>
    <CfgParent>Base</CfgParent>
    <Base>true</Base>
  </PropertyGroup>
  <PropertyGroup Condition="(&#39;$(Platform)&#39;==&#39;Win32&#39; and &#39;$(Cfg_1)&#39;==&#39;true&#39;) or &#39;$(Cfg_1_Win32)&#39;!=&#39;&#39;">
    <Cfg_1_Win32>true</Cfg_1_Win32>
    <CfgParent>Cfg_1</CfgParent>
    <Cfg_1>true</Cfg_1>
    <Base>true</Base>
  </PropertyGroup>
  <PropertyGroup Condition="&#39;$(Config)&#39;==&#39;Release&#39; or &#39;$(Cfg_2)&#39;!=&#39;&#39;">
    <Cfg_2>true</Cfg_2>
    <CfgParent>Base</CfgParent>
    <Base>true</Base>
  </PropertyGroup>
  <PropertyGroup Condition="&#39;$(Base)&#39;!=&#39;&#39;">
    <DCC_DcuOutput>.\Dcu</DCC_DcuOutput>
    <DCC_ExeOutput>..\</DCC_ExeOutput>
    <DCC_E>false</DCC_E>
    <DCC_N>false</DCC_N>
    <DCC_S>false</DCC_S>
    <DCC_F>false</DCC_F>
    <DCC_K>false</DCC_K>
    <DCC_Namespace>System;Xml;Data;Datasnap;Web;Soap;$(DCC_Namespace)</DCC_Namespace>
    <SanitizedProjectName>CodeBuilder</SanitizedProjectName>
    <DCC_UnitSearchPath>..\..\..\Source;$(DCC_UnitSearchPath)</DCC_UnitSearchPath>
    <VerInfo_Locale>1033</VerInfo_Locale>
    <VerInfo_Keys>CompanyName=;FileDescription=$(MSBuildProjectName);FileVersion=1.0.0.0;InternalName=;LegalCopyright=;LegalTrademarks=;OriginalFilename=;ProgramID=io.magicfoundation.alcinoe.$(MSBuildProjectName);ProductName=$(MSBuildProjectName);ProductVersion=1.0.0.0;Comments=</VerInfo_Keys>
  </PropertyGroup>
  <PropertyGroup Condition="&#39;$(Base_Android)&#39;!=&#39;&#39;">
    <DCC_UsePackage>fmx;DbxCommonDriver;bindengine;IndyIPCommon;emsclient;FireDACCommonDriver;IndyProtocols;IndyIPClient;dbxcds;FmxTeeUI;bindcompfmx;ibmonitor;FireDACSqliteDriver;DbxClientDriver;soapmidas;fmxFireDAC;dbexpress;inet;DataSnapCommon;fmxase;dbrtl;FireDACDBXDriver;CustomIPTransport;DBXInterBaseDriver;IndySystem;ibxbindings;bindcomp;FireDACCommon;IndyCore;RESTBackendComponents;bindcompdbx;rtl;RESTComponents;DBXSqliteDriver;IndyIPServer;dsnapxml;DataSnapClient;DataSnapProviderClient;DataSnapFireDAC;emsclientfiredac;FireDAC;FireDACDSDriver;xmlrtl;tethering;ibxpress;dsnap;CloudService;DataSnapNativeClient;FMXTee;soaprtl;soapserver;FireDACIBDriver;$(DCC_UsePackage)</DCC_UsePackage>
    <Android_LauncherIcon36>$(BDS)\bin\Artwork\Android\FM_LauncherIcon_36x36.png</Android_LauncherIcon36>
    <Android_LauncherIcon48>$(BDS)\bin\Artwork\Android\FM_LauncherIcon_48x48.png</Android_LauncherIcon48>
    <Android_LauncherIcon72>$(BDS)\bin\Artwork\Android\FM_LauncherIcon_72x72.png</Android_LauncherIcon72>
    <Android_LauncherIcon96>$(BDS)\bin\Artwork\Android\FM_LauncherIcon_96x96.png</Android_LauncherIcon96>
    <Android_LauncherIcon144>$(BDS)\bin\Artwork\Android\FM_LauncherIcon_144x144.png</Android_LauncherIcon144>
    <Android_LauncherIcon192>$(BDS)\bin\Artwork\Android\FM_LauncherIcon_192x192.png</Android_LauncherIcon192>
    <Android_SplashImage426>$(BDS)\bin\Artwork\Android\FM_SplashImage_426x320.png</Android_SplashImage426>
    <Android_SplashImage470>$(BDS)\bin\Artwork\Android\FM_SplashImage_470x320.png</Android_SplashImage470>
    <Android_SplashImage640>$(BDS)\bin\Artwork\Android\FM_SplashImage_640x480.png</Android_SplashImage640>
    <Android_SplashImage960>$(BDS)\bin\Artwork\Android\FM_SplashImage_960x720.png</Android_SplashImage960>
    <IncludeAndroid_AdaptiveIcon>true</IncludeAndroid_AdaptiveIcon>
    <IncludeAndroid_VectorizedSplash>true</IncludeAndroid_VectorizedSplash>
    <Android_AdaptiveIconMonochrome>$(BDS)\bin\Artwork\Android\FM_AdaptiveIcon_Monochrome.xml</Android_AdaptiveIconMonochrome>
    <Android_AdaptiveIconForeground>$(BDS)\bin\Artwork\Android\FM_AdaptiveIcon_Foreground.xml</Android_AdaptiveIconForeground>
    <Android_AdaptiveIconBackground>$(BDS)\bin\Artwork\Android\FM_AdaptiveIcon_Background.xml</Android_AdaptiveIconBackground>
    <Android_VectorizedSplash>$(BDS)\bin\Artwork\Android\FM_VectorizedSplash.xml</Android_VectorizedSplash>
    <Android_VectorizedSplashDark>$(BDS)\bin\Artwork\Android\FM_VectorizedSplashDark.xml</Android_VectorizedSplashDark>
    <Android_VectorizedSplashV31>$(BDS)\bin\Artwork\Android\FM_VectorizedSplashV31.xml</Android_VectorizedSplashV31>
    <Android_VectorizedSplashV31Dark>$(BDS)\bin\Artwork\Android\FM_VectorizedSplashV31Dark.xml</Android_VectorizedSplashV31Dark>
    <Android_NotificationIcon24>$(BDS)\bin\Artwork\Android\FM_NotificationIcon_24x24.png</Android_NotificationIcon24>
    <Android_NotificationIcon36>$(BDS)\bin\Artwork\Android\FM_NotificationIcon_36x36.png</Android_NotificationIcon36>
    <Android_NotificationIcon48>$(BDS)\bin\Artwork\Android\FM_NotificationIcon_48x48.png</Android_NotificationIcon48>
    <Android_NotificationIcon72>$(BDS)\bin\Artwork\Android\FM_NotificationIcon_72x72.png</Android_NotificationIcon72>
    <Android_NotificationIcon96>$(BDS)\bin\Artwork\Android\FM_NotificationIcon_96x96.png</Android_NotificationIcon96>
    <IncludeAndroid_NotificationAccentColor>false</IncludeAndroid_NotificationAccentColor>
    <IncludeAndroid_VectorizedNotificationIcon>true</IncludeAndroid_VectorizedNotificationIcon>
    <Android_VectorizedNotificationIcon>$(BDS)\bin\Artwork\Android\FM_VectorizedNotificationIcon.xml</Android_VectorizedNotificationIcon>
    <EnabledSysJars>activity-1.7.2.dex.jar;annotation-experimental-1.3.0.dex.jar;annotation-jvm-1.6.0.dex.jar;annotations-13.0.dex.jar;appcompat-1.2.0.dex.jar;appcompat-resources-1.2.0.dex.jar;billing-6.0.1.dex.jar;biometric-1.1.0.dex.jar;browser-1.4.0.dex.jar;cloud-messaging.dex.jar;collection-1.1.0.dex.jar;concurrent-futures-1.1.0.dex.jar;core-1.10.1.dex.jar;core-common-2.2.0.dex.jar;core-ktx-1.10.1.dex.jar;core-runtime-2.2.0.dex.jar;cursoradapter-1.0.0.dex.jar;customview-1.0.0.dex.jar;documentfile-1.0.0.dex.jar;drawerlayout-1.0.0.dex.jar;error_prone_annotations-2.9.0.dex.jar;exifinterface-1.3.6.dex.jar;firebase-annotations-16.2.0.dex.jar;firebase-common-20.3.1.dex.jar;firebase-components-17.1.0.dex.jar;firebase-datatransport-18.1.7.dex.jar;firebase-encoders-17.0.0.dex.jar;firebase-encoders-json-18.0.0.dex.jar;firebase-encoders-proto-16.0.0.dex.jar;firebase-iid-interop-17.1.0.dex.jar;firebase-installations-17.1.3.dex.jar;firebase-installations-interop-17.1.0.dex.jar;firebase-measurement-connector-19.0.0.dex.jar;firebase-messaging-23.1.2.dex.jar;fmx.dex.jar;fragment-1.2.5.dex.jar;google-play-licensing.dex.jar;interpolator-1.0.0.dex.jar;javax.inject-1.dex.jar;kotlin-stdlib-1.8.22.dex.jar;kotlin-stdlib-common-1.8.22.dex.jar;kotlin-stdlib-jdk7-1.8.22.dex.jar;kotlin-stdlib-jdk8-1.8.22.dex.jar;kotlinx-coroutines-android-1.6.4.dex.jar;kotlinx-coroutines-core-jvm-1.6.4.dex.jar;legacy-support-core-utils-1.0.0.dex.jar;lifecycle-common-2.6.1.dex.jar;lifecycle-livedata-2.6.1.dex.jar;lifecycle-livedata-core-2.6.1.dex.jar;lifecycle-runtime-2.6.1.dex.jar;lifecycle-service-2.6.1.dex.jar;lifecycle-viewmodel-2.6.1.dex.jar;lifecycle-viewmodel-savedstate-2.6.1.dex.jar;listenablefuture-1.0.dex.jar;loader-1.0.0.dex.jar;localbroadcastmanager-1.0.0.dex.jar;okio-jvm-3.4.0.dex.jar;play-services-ads-22.2.0.dex.jar;play-services-ads-base-22.2.0.dex.jar;play-services-ads-identifier-18.0.0.dex.jar;play-services-ads-lite-22.2.0.dex.jar;play-services-appset-16.0.1.dex.jar;play-services-base-18.1.0.dex.jar;play-services-basement-18.1.0.dex.jar;play-services-cloud-messaging-17.0.1.dex.jar;play-services-location-21.0.1.dex.jar;play-services-maps-18.1.0.dex.jar;play-services-measurement-base-20.1.2.dex.jar;play-services-measurement-sdk-api-20.1.2.dex.jar;play-services-stats-17.0.2.dex.jar;play-services-tasks-18.0.2.dex.jar;print-1.0.0.dex.jar;profileinstaller-1.3.0.dex.jar;room-common-2.2.5.dex.jar;room-runtime-2.2.5.dex.jar;savedstate-1.2.1.dex.jar;sqlite-2.1.0.dex.jar;sqlite-framework-2.1.0.dex.jar;startup-runtime-1.1.1.dex.jar;tracing-1.0.0.dex.jar;transport-api-3.0.0.dex.jar;transport-backend-cct-3.1.8.dex.jar;transport-runtime-3.1.8.dex.jar;user-messaging-platform-2.0.0.dex.jar;vectordrawable-1.1.0.dex.jar;vectordrawable-animated-1.1.0.dex.jar;versionedparcelable-1.1.1.dex.jar;viewpager-1.0.0.dex.jar;work-runtime-2.7.0.dex.jar</EnabledSysJars>
  </PropertyGroup>
  <PropertyGroup Condition="&#39;$(Base_Android64)&#39;!=&#39;&#39;">
    <DCC_UsePackage>fmx;DbxCommonDriver;bindengine;IndyIPCommon;emsclient;FireDACCommonDriver;IndyProtocols;IndyIPClient;dbxcds;FmxTeeUI;bindcompfmx;ibmonitor;FireDACSqliteDriver;DbxClientDriver;soapmidas;fmxFireDAC;dbexpress;inet;DataSnapCommon;dbrtl;FireDACDBXDriver;CustomIPTransport;DBXInterBaseDriver;IndySystem;ibxbindings;bindcomp;FireDACCommon;IndyCore;RESTBackendComponents;bindcompdbx;rtl;RESTComponents;DBXSqliteDriver;IndyIPServer;dsnapxml;DataSnapClient;DataSnapProviderClient;DataSnapFireDAC;emsclientfiredac;FireDAC;FireDACDSDriver;xmlrtl;tethering;ibxpress;dsnap;CloudService;DataSnapNativeClient;FMXTee;soaprtl;soapserver;FireDACIBDriver;$(DCC_UsePackage)</DCC_UsePackage>
    <Android_LauncherIcon36>$(BDS)\bin\Artwork\Android\FM_LauncherIcon_36x36.png</Android_LauncherIcon36>
    <Android_LauncherIcon48>$(BDS)\bin\Artwork\Android\FM_LauncherIcon_48x48.png</Android_LauncherIcon48>
    <Android_LauncherIcon72>$(BDS)\bin\Artwork\Android\FM_LauncherIcon_72x72.png</Android_LauncherIcon72>
    <Android_LauncherIcon96>$(BDS)\bin\Artwork\Android\FM_LauncherIcon_96x96.png</Android_LauncherIcon96>
    <Android_LauncherIcon144>$(BDS)\bin\Artwork\Android\FM_LauncherIcon_144x144.png</Android_LauncherIcon144>
    <Android_LauncherIcon192>$(BDS)\bin\Artwork\Android\FM_LauncherIcon_192x192.png</Android_LauncherIcon192>
    <Android_SplashImage426>$(BDS)\bin\Artwork\Android\FM_SplashImage_426x320.png</Android_SplashImage426>
    <Android_SplashImage470>$(BDS)\bin\Artwork\Android\FM_SplashImage_470x320.png</Android_SplashImage470>
    <Android_SplashImage640>$(BDS)\bin\Artwork\Android\FM_SplashImage_640x480.png</Android_SplashImage640>
    <Android_SplashImage960>$(BDS)\bin\Artwork\Android\FM_SplashImage_960x720.png</Android_SplashImage960>
    <IncludeAndroid_AdaptiveIcon>true</IncludeAndroid_AdaptiveIcon>
    <IncludeAndroid_VectorizedSplash>true</IncludeAndroid_VectorizedSplash>
    <Android_AdaptiveIconMonochrome>$(BDS)\bin\Artwork\Android\FM_AdaptiveIcon_Monochrome.xml</Android_AdaptiveIconMonochrome>
    <Android_AdaptiveIconForeground>$(BDS)\bin\Artwork\Android\FM_AdaptiveIcon_Foreground.xml</Android_AdaptiveIconForeground>
    <Android_AdaptiveIconBackground>$(BDS)\bin\Artwork\Android\FM_AdaptiveIcon_Background.xml</Android_AdaptiveIconBackground>
    <Android_VectorizedSplash>$(BDS)\bin\Artwork\Android\FM_VectorizedSplash.xml</Android_VectorizedSplash>
    <Android_VectorizedSplashDark>$(BDS)\bin\Artwork\Android\FM_VectorizedSplashDark.xml</Android_VectorizedSplashDark>
    <Android_VectorizedSplashV31>$(BDS)\bin\Artwork\Android\FM_VectorizedSplashV31.xml</Android_VectorizedSplashV31>
    <Android_VectorizedSplashV31Dark>$(BDS)\bin\Artwork\Android\FM_VectorizedSplashV31Dark.xml</Android_VectorizedSplashV31Dark>
    <Android_NotificationIcon24>$(BDS)\bin\Artwork\Android\FM_NotificationIcon_24x24.png</Android_NotificationIcon24>
    <Android_NotificationIcon36>$(BDS)\bin\Artwork\Android\FM_NotificationIcon_36x36.png</Android_NotificationIcon36>
    <Android_NotificationIcon48>$(BDS)\bin\Artwork\Android\FM_NotificationIcon_48x48.png</Android_NotificationIcon48>
    <Android_NotificationIcon72>$(BDS)\bin\Artwork\Android\FM_NotificationIcon_72x72.png</Android_NotificationIcon72>
    <Android_NotificationIcon96>$(BDS)\bin\Artwork\Android\FM_NotificationIcon_96x96.png</Android_NotificationIcon96>
    <IncludeAndroid_NotificationAccentColor>false</IncludeAndroid_NotificationAccentColor>
    <IncludeAndroid_VectorizedNotificationIcon>true</IncludeAndroid_VectorizedNotificationIcon>
    <Android_VectorizedNotificationIcon>$(BDS)\bin\Artwork\Android\FM_VectorizedNotificationIcon.xml</Android_VectorizedNotificationIcon>
    <EnabledSysJars>activity-1.7.2.dex.jar;annotation-experimental-1.3.0.dex.jar;annotation-jvm-1.6.0.dex.jar;annotations-13.0.dex.jar;appcompat-1.2.0.dex.jar;appcompat-resources-1.2.0.dex.jar;billing-6.0.1.dex.jar;biometric-1.1.0.dex.jar;browser-1.4.0.dex.jar;cloud-messaging.dex.jar;collection-1.1.0.dex.jar;concurrent-futures-1.1.0.dex.jar;core-1.10.1.dex.jar;core-common-2.2.0.dex.jar;core-ktx-1.10.1.dex.jar;core-runtime-2.2.0.dex.jar;cursoradapter-1.0.0.dex.jar;customview-1.0.0.dex.jar;documentfile-1.0.0.dex.jar;drawerlayout-1.0.0.dex.jar;error_prone_annotations-2.9.0.dex.jar;exifinterface-1.3.6.dex.jar;firebase-annotations-16.2.0.dex.jar;firebase-common-20.3.1.dex.jar;firebase-components-17.1.0.dex.jar;firebase-datatransport-18.1.7.dex.jar;firebase-encoders-17.0.0.dex.jar;firebase-encoders-json-18.0.0.dex.jar;firebase-encoders-proto-16.0.0.dex.jar;firebase-iid-interop-17.1.0.dex.jar;firebase-installations-17.1.3.dex.jar;firebase-installations-interop-17.1.0.dex.jar;firebase-measurement-connector-19.0.0.dex.jar;firebase-messaging-23.1.2.dex.jar;fmx.dex.jar;fragment-1.2.5.dex.jar;google-play-licensing.dex.jar;interpolator-1.0.0.dex.jar;javax.inject-1.dex.jar;kotlin-stdlib-1.8.22.dex.jar;kotlin-stdlib-common-1.8.22.dex.jar;kotlin-stdlib-jdk7-1.8.22.dex.jar;kotlin-stdlib-jdk8-1.8.22.dex.jar;kotlinx-coroutines-android-1.6.4.dex.jar;kotlinx-coroutines-core-jvm-1.6.4.dex.jar;legacy-support-core-utils-1.0.0.dex.jar;lifecycle-common-2.6.1.dex.jar;lifecycle-livedata-2.6.1.dex.jar;lifecycle-livedata-core-2.6.1.dex.jar;lifecycle-runtime-2.6.1.dex.jar;lifecycle-service-2.6.1.dex.jar;lifecycle-viewmodel-2.6.1.dex.jar;lifecycle-viewmodel-savedstate-2.6.1.dex.jar;listenablefuture-1.0.dex.jar;loader-1.0.0.dex.jar;localbroadcastmanager-1.0.0.dex.jar;okio-jvm-3.4.0.dex.jar;play-services-ads-22.2.0.dex.jar;play-services-ads-base-22.2.0.dex.jar;play-services-ads-identifier-18.0.0.dex.jar;play-services-ads-lite-22.2.0.dex.jar;play-services-appset-16.0.1.dex.jar;play-services-base-18.1.0.dex.jar;play-services-basement-18.1.0.dex.jar;play-services-cloud-messaging-17.0.1.dex.jar;play-services-location-21.0.1.dex.jar;play-services-maps-18.1.0.dex.jar;play-services-measurement-base-20.1.2.dex.jar;play-services-measurement-sdk-api-20.1.2.dex.jar;play-services-stats-17.0.2.dex.jar;play-services-tasks-18.0.2.dex.jar;print-1.0.0.dex.jar;profileinstaller-1.3.0.dex.jar;room-common-2.2.5.dex.jar;room-runtime-2.2.5.dex.jar;savedstate-1.2.1.dex.jar;sqlite-2.1.0.dex.jar;sqlite-framework-2.1.0.dex.jar;startup-runtime-1.1.1.dex.jar;tracing-1.0.0.dex.jar;transport-api-3.0.0.dex.jar;transport-backend-cct-3.1.8.dex.jar;transport-runtime-3.1.8.dex.jar;user-messaging-platform-2.0.0.dex.jar;vectordrawable-1.1.0.dex.jar;vectordrawable-animated-1.1.0.dex.jar;versionedparcelable-1.1.1.dex.jar;viewpager-1.0.0.dex.jar;work-runtime-2.7.0.dex.jar</EnabledSysJars>
  </PropertyGroup>
  <PropertyGroup Condition="&#39;$(Base_iOSDevice64)&#39;!=&#39;&#39;">
    <DCC_UsePackage>fmx;DbxCommonDriver;bindengine;IndyIPCommon;emsclient;FireDACCommonDriver;IndyProtocols;IndyIPClient;dbxcds;FmxTeeUI;bindcompfmx;ibmonitor;FireDACSqliteDriver;DbxClientDriver;soapmidas;fmxFireDAC;dbexpress;inet;DataSnapCommon;fmxase;dbrtl;FireDACDBXDriver;CustomIPTransport;DBXInterBaseDriver;IndySystem;ibxbindings;bindcomp;FireDACCommon;IndyCore;RESTBackendComponents;bindcompdbx;rtl;RESTComponents;DBXSqliteDriver;IndyIPServer;dsnapxml;DataSnapClient;DataSnapProviderClient;DataSnapFireDAC;emsclientfiredac;FireDAC;FireDACDSDriver;xmlrtl;tethering;ibxpress;dsnap;CloudService;DataSnapNativeClient;FMXTee;soaprtl;soapserver;FireDACIBDriver;$(DCC_UsePackage)</DCC_UsePackage>
  </PropertyGroup>
  <PropertyGroup Condition="&#39;$(Base_iOSSimARM64)&#39;!=&#39;&#39;">
    <DCC_UsePackage>fmx;DbxCommonDriver;bindengine;IndyIPCommon;emsclient;FireDACCommonDriver;IndyProtocols;IndyIPClient;dbxcds;FmxTeeUI;bindcompfmx;ibmonitor;FireDACSqliteDriver;DbxClientDriver;soapmidas;fmxFireDAC;dbexpress;inet;DataSnapCommon;fmxase;dbrtl;FireDACDBXDriver;CustomIPTransport;DBXInterBaseDriver;IndySystem;ibxbindings;bindcomp;FireDACCommon;IndyCore;RESTBackendComponents;bindcompdbx;rtl;RESTComponents;DBXSqliteDriver;IndyIPServer;dsnapxml;DataSnapClient;DataSnapProviderClient;DataSnapFireDAC;emsclientfiredac;FireDAC;FireDACDSDriver;xmlrtl;tethering;ibxpress;dsnap;CloudService;DataSnapNativeClient;FMXTee;soaprtl;soapserver;FireDACIBDriver;$(DCC_UsePackage)</DCC_UsePackage>
  </PropertyGroup>
  <PropertyGroup Condition="&#39;$(Base_Linux64)&#39;!=&#39;&#39;">
    <DCC_UsePackage>DataSnapServer;fmx;emshosting;DbxCommonDriver;bindengine;FireDACCommonODBC;emsclient;FireDACCommonDriver;IndyProtocols;dbxcds;emsedge;inetdb;FireDACSqliteDriver;DbxClientDriver;FireDACASADriver;soapmidas;dbexpress;FireDACInfxDriver;inet;DataSnapCommon;dbrtl;FireDACOracleDriver;CustomIPTransport;FireDACMSSQLDriver;DataSnapIndy10ServerTransport;DataSnapConnectors;FireDACMongoDBDriver;IndySystem;FireDACTDataDriver;bindcomp;FireDACCommon;DataSnapServerMidas;FireDACODBCDriver;emsserverresource;IndyCore;RESTBackendComponents;rtl;FireDACMySQLDriver;FireDACADSDriver;RESTComponents;dsnapxml;DataSnapClient;DataSnapFireDAC;emsclientfiredac;FireDACPgDriver;FireDAC;xmlrtl;dsnap;CloudService;FireDACDb2Driver;DataSnapNativeClient;DatasnapConnectorsFreePascal;soaprtl;soapserver;FireDACIBDriver;$(DCC_UsePackage)</DCC_UsePackage>
  </PropertyGroup>
  <PropertyGroup Condition="&#39;$(Base_OSX64)&#39;!=&#39;&#39;">
    <DCC_UsePackage>DataSnapServer;fmx;DbxCommonDriver;bindengine;IndyIPCommon;FireDACCommonODBC;emsclient;FireDACCommonDriver;IndyProtocols;IndyIPClient;dbxcds;FmxTeeUI;bindcompfmx;DBXFirebirdDriver;inetdb;ibmonitor;FireDACSqliteDriver;DbxClientDriver;FireDACASADriver;soapmidas;fmxFireDAC;dbexpress;DBXMySQLDriver;inet;DataSnapCommon;fmxase;dbrtl;FireDACDBXDriver;FireDACOracleDriver;fmxdae;CustomIPTransport;FireDACMSSQLDriver;DataSnapIndy10ServerTransport;DBXInterBaseDriver;FireDACMongoDBDriver;IndySystem;FireDACTDataDriver;ibxbindings;bindcomp;FireDACCommon;DataSnapServerMidas;FireDACODBCDriver;IndyCore;RESTBackendComponents;bindcompdbx;rtl;FireDACMySQLDriver;RESTComponents;DBXSqliteDriver;IndyIPServer;dsnapxml;DataSnapClient;DataSnapProviderClient;DataSnapFireDAC;emsclientfiredac;FireDACPgDriver;FireDAC;FireDACDSDriver;inetdbxpress;xmlrtl;tethering;ibxpress;dsnap;CloudService;DBXSybaseASADriver;DBXOracleDriver;DBXInformixDriver;fmxobj;DataSnapNativeClient;FMXTee;soaprtl;soapserver;FireDACIBDriver;$(DCC_UsePackage)</DCC_UsePackage>
    <DCC_ConsoleTarget>true</DCC_ConsoleTarget>
  </PropertyGroup>
  <PropertyGroup Condition="&#39;$(Base_OSXARM64)&#39;!=&#39;&#39;">
    <DCC_UsePackage>DataSnapServer;fmx;DbxCommonDriver;bindengine;IndyIPCommon;FireDACCommonODBC;emsclient;FireDACCommonDriver;IndyProtocols;IndyIPClient;dbxcds;FmxTeeUI;bindcompfmx;DBXFirebirdDriver;inetdb;ibmonitor;FireDACSqliteDriver;DbxClientDriver;FireDACASADriver;soapmidas;fmxFireDAC;dbexpress;DBXMySQLDriver;inet;DataSnapCommon;fmxase;dbrtl;FireDACDBXDriver;FireDACOracleDriver;fmxdae;CustomIPTransport;FireDACMSSQLDriver;DataSnapIndy10ServerTransport;DBXInterBaseDriver;FireDACMongoDBDriver;IndySystem;FireDACTDataDriver;ibxbindings;bindcomp;FireDACCommon;DataSnapServerMidas;FireDACODBCDriver;IndyCore;RESTBackendComponents;bindcompdbx;rtl;FireDACMySQLDriver;RESTComponents;DBXSqliteDriver;IndyIPServer;dsnapxml;DataSnapClient;DataSnapProviderClient;DataSnapFireDAC;emsclientfiredac;FireDACPgDriver;FireDAC;FireDACDSDriver;inetdbxpress;xmlrtl;tethering;ibxpress;dsnap;CloudService;DBXSybaseASADriver;DBXOracleDriver;DBXInformixDriver;fmxobj;DataSnapNativeClient;FMXTee;soaprtl;soapserver;FireDACIBDriver;$(DCC_UsePackage)</DCC_UsePackage>
    <DCC_ConsoleTarget>true</DCC_ConsoleTarget>
  </PropertyGroup>
  <PropertyGroup Condition="&#39;$(Base_Win32)&#39;!=&#39;&#39;">
    <DCC_UsePackage>vclwinx;DataSnapServer;fmx;emshosting;vclie;DbxCommonDriver;bindengine;IndyIPCommon;VCLRESTComponents;DBXMSSQLDriver;FireDACCommonODBC;emsclient;FireDACCommonDriver;appanalytics;IndyProtocols;vclx;Skia.Package.RTL;IndyIPClient;dbxcds;vcledge;bindcompvclwinx;FmxTeeUI;emsedge;bindcompfmx;DBXFirebirdDriver;inetdb;ibmonitor;FireDACSqliteDriver;DbxClientDriver;FireDACASADriver;Tee;soapmidas;vclactnband;TeeUI;fmxFireDAC;dbexpress;FireDACInfxDriver;DBXMySQLDriver;VclSmp;inet;DataSnapCommon;vcltouch;fmxase;DBXOdbcDriver;dbrtl;FireDACDBXDriver;Skia.Package.FMX;FireDACOracleDriver;fmxdae;TeeDB;FireDACMSAccDriver;CustomIPTransport;FireDACMSSQLDriver;DataSnapIndy10ServerTransport;DataSnapConnectors;vcldsnap;DBXInterBaseDriver;FireDACMongoDBDriver;IndySystem;FireDACTDataDriver;Skia.Package.VCL;vcldb;ibxbindings;vclFireDAC;bindcomp;FireDACCommon;DataSnapServerMidas;FireDACODBCDriver;emsserverresource;IndyCore;RESTBackendComponents;bindcompdbx;rtl;FireDACMySQLDriver;FireDACADSDriver;RESTComponents;DBXSqliteDriver;vcl;IndyIPServer;dsnapxml;dsnapcon;DataSnapClient;DataSnapProviderClient;adortl;DBXSybaseASEDriver;DBXDb2Driver;vclimg;DataSnapFireDAC;emsclientfiredac;FireDACPgDriver;FireDAC;FireDACDSDriver;inetdbxpress;xmlrtl;tethering;ibxpress;bindcompvcl;dsnap;CloudService;DBXSybaseASADriver;DBXOracleDriver;FireDACDb2Driver;DBXInformixDriver;vclib;fmxobj;bindcompvclsmp;DataSnapNativeClient;FMXTee;DatasnapConnectorsFreePascal;soaprtl;soapserver;FireDACIBDriver;$(DCC_UsePackage)</DCC_UsePackage>
    <DCC_Namespace>Winapi;System.Win;Data.Win;Datasnap.Win;Web.Win;Soap.Win;Xml.Win;Bde;$(DCC_Namespace)</DCC_Namespace>
    <BT_BuildType>Debug</BT_BuildType>
    <VerInfo_Keys>CompanyName=;FileDescription=$(MSBuildProjectName);FileVersion=1.0.0.0;InternalName=;LegalCopyright=;LegalTrademarks=;OriginalFilename=;ProgramID=io.magicfoundation.alcinoe.$(MSBuildProjectName);ProductName=$(MSBuildProjectName);ProductVersion=1.0.0.0;Comments=</VerInfo_Keys>
    <VerInfo_Locale>1033</VerInfo_Locale>
    <DCC_ConsoleTarget>true</DCC_ConsoleTarget>
    <UWP_DelphiLogo44>$(BDS)\bin\Artwork\Windows\UWP\delphi_UwpDefault_44.png</UWP_DelphiLogo44>
    <UWP_DelphiLogo150>$(BDS)\bin\Artwork\Windows\UWP\delphi_UwpDefault_150.png</UWP_DelphiLogo150>
  </PropertyGroup>
  <PropertyGroup Condition="&#39;$(Base_Win64)&#39;!=&#39;&#39;">
    <DCC_UsePackage>vclwinx;DataSnapServer;fmx;emshosting;vclie;DbxCommonDriver;bindengine;IndyIPCommon;VCLRESTComponents;DBXMSSQLDriver;FireDACCommonODBC;emsclient;FireDACCommonDriver;appanalytics;IndyProtocols;vclx;IndyIPClient;dbxcds;vcledge;bindcompvclwinx;FmxTeeUI;emsedge;bindcompfmx;DBXFirebirdDriver;inetdb;ibmonitor;FireDACSqliteDriver;DbxClientDriver;FireDACASADriver;Tee;soapmidas;vclactnband;TeeUI;fmxFireDAC;dbexpress;FireDACInfxDriver;DBXMySQLDriver;VclSmp;inet;DataSnapCommon;vcltouch;fmxase;DBXOdbcDriver;dbrtl;FireDACDBXDriver;FireDACOracleDriver;fmxdae;TeeDB;FireDACMSAccDriver;CustomIPTransport;FireDACMSSQLDriver;DataSnapIndy10ServerTransport;DataSnapConnectors;vcldsnap;DBXInterBaseDriver;FireDACMongoDBDriver;IndySystem;FireDACTDataDriver;Skia.Package.VCL;vcldb;ibxbindings;vclFireDAC;bindcomp;FireDACCommon;DataSnapServerMidas;FireDACODBCDriver;emsserverresource;IndyCore;RESTBackendComponents;bindcompdbx;rtl;FireDACMySQLDriver;FireDACADSDriver;RESTComponents;DBXSqliteDriver;vcl;IndyIPServer;dsnapxml;dsnapcon;DataSnapClient;DataSnapProviderClient;adortl;DBXSybaseASEDriver;DBXDb2Driver;vclimg;DataSnapFireDAC;emsclientfiredac;FireDACPgDriver;FireDAC;FireDACDSDriver;inetdbxpress;xmlrtl;tethering;ibxpress;bindcompvcl;dsnap;CloudService;DBXSybaseASADriver;DBXOracleDriver;FireDACDb2Driver;DBXInformixDriver;vclib;fmxobj;bindcompvclsmp;DataSnapNativeClient;FMXTee;DatasnapConnectorsFreePascal;soaprtl;soapserver;FireDACIBDriver;$(DCC_UsePackage)</DCC_UsePackage>
    <DCC_ConsoleTarget>true</DCC_ConsoleTarget>
    <UWP_DelphiLogo44>$(BDS)\bin\Artwork\Windows\UWP\delphi_UwpDefault_44.png</UWP_DelphiLogo44>
    <UWP_DelphiLogo150>$(BDS)\bin\Artwork\Windows\UWP\delphi_UwpDefault_150.png</UWP_DelphiLogo150>
    <DCC_Namespace>Winapi;System.Win;Data.Win;Datasnap.Win;Web.Win;Soap.Win;Xml.Win;$(DCC_Namespace)</DCC_Namespace>
    <BT_BuildType>Debug</BT_BuildType>
  </PropertyGroup>
  <PropertyGroup Condition="&#39;$(Cfg_1)&#39;!=&#39;&#39;">
    <DCC_Define>DEBUG;$(DCC_Define)</DCC_Define>
    <DCC_DebugDCUs>true</DCC_DebugDCUs>
    <DCC_Optimize>false</DCC_Optimize>
    <DCC_GenerateStackFrames>true</DCC_GenerateStackFrames>
    <DCC_DebugInfoInExe>true</DCC_DebugInfoInExe>
    <DCC_RemoteDebug>true</DCC_RemoteDebug>
    <DCC_IntegerOverflowCheck>true</DCC_IntegerOverflowCheck>
    <DCC_RangeChecking>true</DCC_RangeChecking>
  </PropertyGroup>
  <PropertyGroup Condition="&#39;$(Cfg_1_Win32)&#39;!=&#39;&#39;">
    <DCC_RemoteDebug>false</DCC_RemoteDebug>
    <VerInfo_Locale>1033</VerInfo_Locale>
    <Manifest_File>(None)</Manifest_File>
    <AppDPIAwarenessMode>none</AppDPIAwarenessMode>
  </PropertyGroup>
  <PropertyGroup Condition="&#39;$(Cfg_2)&#39;!=&#39;&#39;">
    <DCC_LocalDebugSymbols>false</DCC_LocalDebugSymbols>
    <DCC_Define>RELEASE;$(DCC_Define)</DCC_Define>
    <DCC_SymbolReferenceInfo>0</DCC_SymbolReferenceInfo>
    <DCC_DebugInformation>0</DCC_DebugInformation>
  </PropertyGroup>
  <ItemGroup>
    <DelphiCompile Include="$(MainSource)">
      <MainSource>MainSource</MainSource>
    </DelphiCompile>
    <BuildConfiguration Include="Base">
      <Key>Base</Key>
    </BuildConfiguration>
    <BuildConfiguration Include="Debug">
      <CfgParent>Base</CfgParent>
      <Key>Cfg_1</Key>
    </BuildConfiguration>
    <BuildConfiguration Include="Release">
      <CfgParent>Base</CfgParent>
      <Key>Cfg_2</Key>
    </BuildConfiguration>
  </ItemGroup>
  <ProjectExtensions>
    <Borland.Personality>Delphi.Personality.12</Borland.Personality>
    <Borland.ProjectType>Application</Borland.ProjectType>
    <BorlandProject>
      <Delphi.Personality>
        <Source>
          <Source Name="MainSource">CodeBuilder.dpr</Source>
        </Source>
        <Excluded_Packages>
          <Excluded_Packages Name="$(BDSBIN)\dcloffice2k290.bpl">Microsoft Office 2000 Sample Automation Server Wrapper Components</Excluded_Packages>
          <Excluded_Packages Name="$(BDSBIN)\dclofficexp290.bpl">Microsoft Office XP Sample Automation Server Wrapper Components</Excluded_Packages>
        </Excluded_Packages>
      </Delphi.Personality>
      <Deployment Version="5"/>
      <Platforms>
        <Platform value="Android">False</Platform>
        <Platform value="Android64">False</Platform>
        <Platform value="iOSDevice64">False</Platform>
        <Platform value="iOSSimARM64">False</Platform>
        <Platform value="Linux64">False</Platform>
        <Platform value="OSX64">False</Platform>
        <Platform value="OSXARM64">False</Platform>
        <Platform value="Win32">True</Platform>
        <Platform value="Win64">True</Platform>
      </Platforms>
    </BorlandProject>
    <ProjectFileVersion>12</ProjectFileVersion>
  </ProjectExtensions>
  <Import Project="$(BDS)\Bin\CodeGear.Delphi.Targets" Condition="Exists(&#39;$(BDS)\Bin\CodeGear.Delphi.Targets&#39;)"/>
  <Import Project="$(APPDATA)\Embarcadero\$(BDSAPPDATABASEDIR)\$(PRODUCTVERSION)\UserTools.proj" Condition="Exists(&#39;$(APPDATA)\Embarcadero\$(BDSAPPDATABASEDIR)\$(PRODUCTVERSION)\UserTools.proj&#39;)"/>
  <Import Project="$(MSBuildProjectName).deployproj" Condition="Exists(&#39;$(MSBuildProjectName).deployproj&#39;)"/>
</Project>